// !$*UTF8*$!
{
	archiveVersion = 1;
	classes = {
	};
	objectVersion = 46;
	objects = {

/* Begin PBXBuildFile section */
		D22FA51115A9B3E3009E2600 /* UIKit.framework in Frameworks */ = {isa = PBXBuildFile; fileRef = D22FA51015A9B3E3009E2600 /* UIKit.framework */; };
		D22FA51315A9B3E3009E2600 /* Foundation.framework in Frameworks */ = {isa = PBXBuildFile; fileRef = D22FA51215A9B3E3009E2600 /* Foundation.framework */; };
		D22FA51515A9B3E3009E2600 /* CoreGraphics.framework in Frameworks */ = {isa = PBXBuildFile; fileRef = D22FA51415A9B3E3009E2600 /* CoreGraphics.framework */; };
		D22FA51B15A9B3E3009E2600 /* InfoPlist.strings in Resources */ = {isa = PBXBuildFile; fileRef = D22FA51915A9B3E3009E2600 /* InfoPlist.strings */; };
		D22FA51D15A9B3E3009E2600 /* main.m in Sources */ = {isa = PBXBuildFile; fileRef = D22FA51C15A9B3E3009E2600 /* main.m */; };
		D22FA52115A9B3E3009E2600 /* TOAppDelegate.m in Sources */ = {isa = PBXBuildFile; fileRef = D22FA52015A9B3E3009E2600 /* TOAppDelegate.m */; };
		D22FA52415A9B3E3009E2600 /* MainStoryboard.storyboard in Resources */ = {isa = PBXBuildFile; fileRef = D22FA52215A9B3E3009E2600 /* MainStoryboard.storyboard */; };
		D22FA52715A9B3E3009E2600 /* TOViewController.m in Sources */ = {isa = PBXBuildFile; fileRef = D22FA52615A9B3E3009E2600 /* TOViewController.m */; };
		D22FA53015A9B4D6009E2600 /* AudioToolbox.framework in Frameworks */ = {isa = PBXBuildFile; fileRef = D22FA52D15A9B4D6009E2600 /* AudioToolbox.framework */; };
		D22FA53115A9B4D6009E2600 /* AudioUnit.framework in Frameworks */ = {isa = PBXBuildFile; fileRef = D22FA52E15A9B4D6009E2600 /* AudioUnit.framework */; };
		D22FA53215A9B4D6009E2600 /* CoreAudio.framework in Frameworks */ = {isa = PBXBuildFile; fileRef = D22FA52F15A9B4D6009E2600 /* CoreAudio.framework */; };
/* End PBXBuildFile section */

/* Begin PBXFileReference section */
		D22FA50C15A9B3E3009E2600 /* RecordPlayThrough.app */ = {isa = PBXFileReference; explicitFileType = wrapper.application; includeInIndex = 0; path = RecordPlayThrough.app; sourceTree = BUILT_PRODUCTS_DIR; };
		D22FA51015A9B3E3009E2600 /* UIKit.framework */ = {isa = PBXFileReference; lastKnownFileType = wrapper.framework; name = UIKit.framework; path = System/Library/Frameworks/UIKit.framework; sourceTree = SDKROOT; };
		D22FA51215A9B3E3009E2600 /* Foundation.framework */ = {isa = PBXFileReference; lastKnownFileType = wrapper.framework; name = Foundation.framework; path = System/Library/Frameworks/Foundation.framework; sourceTree = SDKROOT; };
		D22FA51415A9B3E3009E2600 /* CoreGraphics.framework */ = {isa = PBXFileReference; lastKnownFileType = wrapper.framework; name = CoreGraphics.framework; path = System/Library/Frameworks/CoreGraphics.framework; sourceTree = SDKROOT; };
		D22FA51815A9B3E3009E2600 /* RecordPlayThrough-Info.plist */ = {isa = PBXFileReference; lastKnownFileType = text.plist.xml; path = "RecordPlayThrough-Info.plist"; sourceTree = "<group>"; };
		D22FA51A15A9B3E3009E2600 /* en */ = {isa = PBXFileReference; lastKnownFileType = text.plist.strings; name = en; path = en.lproj/InfoPlist.strings; sourceTree = "<group>"; };
		D22FA51C15A9B3E3009E2600 /* main.m */ = {isa = PBXFileReference; lastKnownFileType = sourcecode.c.objc; path = main.m; sourceTree = "<group>"; };
		D22FA51E15A9B3E3009E2600 /* RecordPlayThrough-Prefix.pch */ = {isa = PBXFileReference; lastKnownFileType = sourcecode.c.h; path = "RecordPlayThrough-Prefix.pch"; sourceTree = "<group>"; };
		D22FA51F15A9B3E3009E2600 /* TOAppDelegate.h */ = {isa = PBXFileReference; lastKnownFileType = sourcecode.c.h; path = TOAppDelegate.h; sourceTree = "<group>"; };
		D22FA52015A9B3E3009E2600 /* TOAppDelegate.m */ = {isa = PBXFileReference; lastKnownFileType = sourcecode.c.objc; path = TOAppDelegate.m; sourceTree = "<group>"; };
		D22FA52315A9B3E3009E2600 /* en */ = {isa = PBXFileReference; lastKnownFileType = file.storyboard; name = en; path = en.lproj/MainStoryboard.storyboard; sourceTree = "<group>"; };
		D22FA52515A9B3E3009E2600 /* TOViewController.h */ = {isa = PBXFileReference; lastKnownFileType = sourcecode.c.h; path = TOViewController.h; sourceTree = "<group>"; };
		D22FA52615A9B3E3009E2600 /* TOViewController.m */ = {isa = PBXFileReference; lastKnownFileType = sourcecode.c.objc; path = TOViewController.m; sourceTree = "<group>"; };
		D22FA52D15A9B4D6009E2600 /* AudioToolbox.framework */ = {isa = PBXFileReference; lastKnownFileType = wrapper.framework; name = AudioToolbox.framework; path = System/Library/Frameworks/AudioToolbox.framework; sourceTree = SDKROOT; };
		D22FA52E15A9B4D6009E2600 /* AudioUnit.framework */ = {isa = PBXFileReference; lastKnownFileType = wrapper.framework; name = AudioUnit.framework; path = System/Library/Frameworks/AudioUnit.framework; sourceTree = SDKROOT; };
		D22FA52F15A9B4D6009E2600 /* CoreAudio.framework */ = {isa = PBXFileReference; lastKnownFileType = wrapper.framework; name = CoreAudio.framework; path = System/Library/Frameworks/CoreAudio.framework; sourceTree = SDKROOT; };
/* End PBXFileReference section */

/* Begin PBXFrameworksBuildPhase section */
		D22FA50915A9B3E3009E2600 /* Frameworks */ = {
			isa = PBXFrameworksBuildPhase;
			buildActionMask = 2147483647;
			files = (
				D22FA53015A9B4D6009E2600 /* AudioToolbox.framework in Frameworks */,
				D22FA53115A9B4D6009E2600 /* AudioUnit.framework in Frameworks */,
				D22FA53215A9B4D6009E2600 /* CoreAudio.framework in Frameworks */,
				D22FA51115A9B3E3009E2600 /* UIKit.framework in Frameworks */,
				D22FA51315A9B3E3009E2600 /* Foundation.framework in Frameworks */,
				D22FA51515A9B3E3009E2600 /* CoreGraphics.framework in Frameworks */,
			);
			runOnlyForDeploymentPostprocessing = 0;
		};
/* End PBXFrameworksBuildPhase section */

/* Begin PBXGroup section */
		D22FA50115A9B3E3009E2600 = {
			isa = PBXGroup;
			children = (
				D22FA51615A9B3E3009E2600 /* RecordPlayThrough */,
				D22FA50F15A9B3E3009E2600 /* Frameworks */,
				D22FA50D15A9B3E3009E2600 /* Products */,
			);
			sourceTree = "<group>";
		};
		D22FA50D15A9B3E3009E2600 /* Products */ = {
			isa = PBXGroup;
			children = (
				D22FA50C15A9B3E3009E2600 /* RecordPlayThrough.app */,
			);
			name = Products;
			sourceTree = "<group>";
		};
		D22FA50F15A9B3E3009E2600 /* Frameworks */ = {
			isa = PBXGroup;
			children = (
				D22FA52D15A9B4D6009E2600 /* AudioToolbox.framework */,
				D22FA52E15A9B4D6009E2600 /* AudioUnit.framework */,
				D22FA52F15A9B4D6009E2600 /* CoreAudio.framework */,
				D22FA51015A9B3E3009E2600 /* UIKit.framework */,
				D22FA51215A9B3E3009E2600 /* Foundation.framework */,
				D22FA51415A9B3E3009E2600 /* CoreGraphics.framework */,
			);
			name = Frameworks;
			sourceTree = "<group>";
		};
		D22FA51615A9B3E3009E2600 /* RecordPlayThrough */ = {
			isa = PBXGroup;
			children = (
				D22FA51F15A9B3E3009E2600 /* TOAppDelegate.h */,
				D22FA52015A9B3E3009E2600 /* TOAppDelegate.m */,
				D22FA52215A9B3E3009E2600 /* MainStoryboard.storyboard */,
				D22FA52515A9B3E3009E2600 /* TOViewController.h */,
				D22FA52615A9B3E3009E2600 /* TOViewController.m */,
				D22FA51715A9B3E3009E2600 /* Supporting Files */,
			);
			path = RecordPlayThrough;
			sourceTree = "<group>";
		};
		D22FA51715A9B3E3009E2600 /* Supporting Files */ = {
			isa = PBXGroup;
			children = (
				D22FA51815A9B3E3009E2600 /* RecordPlayThrough-Info.plist */,
				D22FA51915A9B3E3009E2600 /* InfoPlist.strings */,
				D22FA51C15A9B3E3009E2600 /* main.m */,
				D22FA51E15A9B3E3009E2600 /* RecordPlayThrough-Prefix.pch */,
			);
			name = "Supporting Files";
			sourceTree = "<group>";
		};
/* End PBXGroup section */

/* Begin PBXNativeTarget section */
		D22FA50B15A9B3E3009E2600 /* RecordPlayThrough */ = {
			isa = PBXNativeTarget;
			buildConfigurationList = D22FA52A15A9B3E3009E2600 /* Build configuration list for PBXNativeTarget "RecordPlayThrough" */;
			buildPhases = (
				D22FA50815A9B3E3009E2600 /* Sources */,
				D22FA50915A9B3E3009E2600 /* Frameworks */,
				D22FA50A15A9B3E3009E2600 /* Resources */,
			);
			buildRules = (
			);
			dependencies = (
			);
			name = RecordPlayThrough;
			productName = RecordPlayThrough;
			productReference = D22FA50C15A9B3E3009E2600 /* RecordPlayThrough.app */;
			productType = "com.apple.product-type.application";
		};
/* End PBXNativeTarget section */

/* Begin PBXProject section */
		D22FA50315A9B3E3009E2600 /* Project object */ = {
			isa = PBXProject;
			attributes = {
				CLASSPREFIX = TO;
				LastUpgradeCheck = 0450;
				ORGANIZATIONNAME = "Tobias Ottenweller";
			};
			buildConfigurationList = D22FA50615A9B3E3009E2600 /* Build configuration list for PBXProject "RecordPlayThrough" */;
			compatibilityVersion = "Xcode 3.2";
			developmentRegion = English;
			hasScannedForEncodings = 0;
			knownRegions = (
				en,
			);
			mainGroup = D22FA50115A9B3E3009E2600;
			productRefGroup = D22FA50D15A9B3E3009E2600 /* Products */;
			projectDirPath = "";
			projectRoot = "";
			targets = (
				D22FA50B15A9B3E3009E2600 /* RecordPlayThrough */,
			);
		};
/* End PBXProject section */

/* Begin PBXResourcesBuildPhase section */
		D22FA50A15A9B3E3009E2600 /* Resources */ = {
			isa = PBXResourcesBuildPhase;
			buildActionMask = 2147483647;
			files = (
				D22FA51B15A9B3E3009E2600 /* InfoPlist.strings in Resources */,
				D22FA52415A9B3E3009E2600 /* MainStoryboard.storyboard in Resources */,
			);
			runOnlyForDeploymentPostprocessing = 0;
		};
/* End PBXResourcesBuildPhase section */

/* Begin PBXSourcesBuildPhase section */
		D22FA50815A9B3E3009E2600 /* Sources */ = {
			isa = PBXSourcesBuildPhase;
			buildActionMask = 2147483647;
			files = (
				D22FA51D15A9B3E3009E2600 /* main.m in Sources */,
				D22FA52115A9B3E3009E2600 /* TOAppDelegate.m in Sources */,
				D22FA52715A9B3E3009E2600 /* TOViewController.m in Sources */,
			);
			runOnlyForDeploymentPostprocessing = 0;
		};
/* End PBXSourcesBuildPhase section */

/* Begin PBXVariantGroup section */
		D22FA51915A9B3E3009E2600 /* InfoPlist.strings */ = {
			isa = PBXVariantGroup;
			children = (
				D22FA51A15A9B3E3009E2600 /* en */,
			);
			name = InfoPlist.strings;
			sourceTree = "<group>";
		};
		D22FA52215A9B3E3009E2600 /* MainStoryboard.storyboard */ = {
			isa = PBXVariantGroup;
			children = (
				D22FA52315A9B3E3009E2600 /* en */,
			);
			name = MainStoryboard.storyboard;
			sourceTree = "<group>";
		};
/* End PBXVariantGroup section */

/* Begin XCBuildConfiguration section */
		D22FA52815A9B3E3009E2600 /* Debug */ = {
			isa = XCBuildConfiguration;
			buildSettings = {
				ALWAYS_SEARCH_USER_PATHS = NO;
				CLANG_CXX_LANGUAGE_STANDARD = "gnu++0x";
				CLANG_ENABLE_OBJC_ARC = YES;
				CLANG_WARN__DUPLICATE_METHOD_MATCH = YES;
				"CODE_SIGN_IDENTITY[sdk=iphoneos*]" = "iPhone Developer";
				COPY_PHASE_STRIP = NO;
				GCC_C_LANGUAGE_STANDARD = gnu99;
				GCC_DYNAMIC_NO_PIC = NO;
				GCC_OPTIMIZATION_LEVEL = 0;
				GCC_PREPROCESSOR_DEFINITIONS = (
					"DEBUG=1",
					"$(inherited)",
				);
				GCC_SYMBOLS_PRIVATE_EXTERN = NO;
				GCC_WARN_ABOUT_RETURN_TYPE = YES;
				GCC_WARN_UNINITIALIZED_AUTOS = YES;
				GCC_WARN_UNUSED_VARIABLE = YES;
				IPHONEOS_DEPLOYMENT_TARGET = 6.0;
				SDKROOT = iphoneos;
				TARGETED_DEVICE_FAMILY = 2;
			};
			name = Debug;
		};
		D22FA52915A9B3E3009E2600 /* Release */ = {
			isa = XCBuildConfiguration;
			buildSettings = {
				ALWAYS_SEARCH_USER_PATHS = NO;
				CLANG_CXX_LANGUAGE_STANDARD = "gnu++0x";
				CLANG_ENABLE_OBJC_ARC = YES;
				CLANG_WARN__DUPLICATE_METHOD_MATCH = YES;
				"CODE_SIGN_IDENTITY[sdk=iphoneos*]" = "iPhone Developer";
				COPY_PHASE_STRIP = YES;
				GCC_C_LANGUAGE_STANDARD = gnu99;
				GCC_WARN_ABOUT_RETURN_TYPE = YES;
				GCC_WARN_UNINITIALIZED_AUTOS = YES;
				GCC_WARN_UNUSED_VARIABLE = YES;
				IPHONEOS_DEPLOYMENT_TARGET = 6.0;
				OTHER_CFLAGS = "-DNS_BLOCK_ASSERTIONS=1";
				SDKROOT = iphoneos;
				TARGETED_DEVICE_FAMILY = 2;
				VALIDATE_PRODUCT = YES;
			};
			name = Release;
		};
		D22FA52B15A9B3E3009E2600 /* Debug */ = {
			isa = XCBuildConfiguration;
			buildSettings = {
				GCC_PRECOMPILE_PREFIX_HEADER = YES;
				GCC_PREFIX_HEADER = "RecordPlayThrough/RecordPlayThrough-Prefix.pch";
				INFOPLIST_FILE = "RecordPlayThrough/RecordPlayThrough-Info.plist";
				PRODUCT_NAME = "$(TARGET_NAME)";
				WRAPPER_EXTENSION = app;
			};
			name = Debug;
		};
		D22FA52C15A9B3E3009E2600 /* Release */ = {
			isa = XCBuildConfiguration;
			buildSettings = {
				GCC_PRECOMPILE_PREFIX_HEADER = YES;
				GCC_PREFIX_HEADER = "RecordPlayThrough/RecordPlayThrough-Prefix.pch";
				INFOPLIST_FILE = "RecordPlayThrough/RecordPlayThrough-Info.plist";
				PRODUCT_NAME = "$(TARGET_NAME)";
				WRAPPER_EXTENSION = app;
			};
			name = Release;
		};
/* End XCBuildConfiguration section */

/* Begin XCConfigurationList section */
		D22FA50615A9B3E3009E2600 /* Build configuration list for PBXProject "RecordPlayThrough" */ = {
			isa = XCConfigurationList;
			buildConfigurations = (
				D22FA52815A9B3E3009E2600 /* Debug */,
				D22FA52915A9B3E3009E2600 /* Release */,
			);
			defaultConfigurationIsVisible = 0;
			defaultConfigurationName = Release;
		};
		D22FA52A15A9B3E3009E2600 /* Build configuration list for PBXNativeTarget "RecordPlayThrough" */ = {
			isa = XCConfigurationList;
			buildConfigurations = (
				D22FA52B15A9B3E3009E2600 /* Debug */,
				D22FA52C15A9B3E3009E2600 /* Release */,
			);
			defaultConfigurationIsVisible = 0;
		};
/* End XCConfigurationList section */
	};
	rootObject = D22FA50315A9B3E3009E2600 /* Project object */;
}
