// !$*UTF8*$!
{
	archiveVersion = 1;
	classes = {
	};
	objectVersion = 46;
	objects = {

/* Begin PBXBuildFile section */
		D203F41F163B2E2F00910E37 /* TOMocVarispeedSound.m in Sources */ = {isa = PBXBuildFile; fileRef = D203F41E163B2E2F00910E37 /* TOMocVarispeedSound.m */; };
		D21A0075163BF53D005CA5FE /* TOMocEqualizerSound.m in Sources */ = {isa = PBXBuildFile; fileRef = D21A0074163BF53D005CA5FE /* TOMocEqualizerSound.m */; };
		D220DD6315FC930500696CA2 /* TOAudioFileManager.m in Sources */ = {isa = PBXBuildFile; fileRef = D220DD6215FC930500696CA2 /* TOAudioFileManager.m */; };
		D222E16315F4EC0E004D5AE9 /* TOSoundDetailsPopoverViewController.m in Sources */ = {isa = PBXBuildFile; fileRef = D222E16215F4EC0E004D5AE9 /* TOSoundDetailsPopoverViewController.m */; };
		D225BA71163D896D004675EA /* TOMocSoundDocument.m in Sources */ = {isa = PBXBuildFile; fileRef = D225BA70163D896D004675EA /* TOMocSoundDocument.m */; };
		D22F4F001635AE3600E17335 /* TOFilePlayerSoundTests.m in Sources */ = {isa = PBXBuildFile; fileRef = D22F4EFF1635AE3600E17335 /* TOFilePlayerSoundTests.m */; };
		D22F4F041635AE4D00E17335 /* TOVarispeedSoundTests.m in Sources */ = {isa = PBXBuildFile; fileRef = D22F4F031635AE4D00E17335 /* TOVarispeedSoundTests.m */; };
		D22F4F071635AE5900E17335 /* TOEqualizerSoundTests.m in Sources */ = {isa = PBXBuildFile; fileRef = D22F4F061635AE5900E17335 /* TOEqualizerSoundTests.m */; };
		D22F4F0A1635AE6500E17335 /* TOSoundDocumentTests.m in Sources */ = {isa = PBXBuildFile; fileRef = D22F4F091635AE6500E17335 /* TOSoundDocumentTests.m */; };
		D22F4F0B1635E4C200E17335 /* clong-1.wav in Resources */ = {isa = PBXBuildFile; fileRef = D28BCDA415F7861700893B57 /* clong-1.wav */; };
		D234233715FB7B0A004D8244 /* TOReplaceSegue.m in Sources */ = {isa = PBXBuildFile; fileRef = D234233615FB7B0A004D8244 /* TOReplaceSegue.m */; };
		D2361F1E15F642A400406A18 /* TOHandleView.m in Sources */ = {isa = PBXBuildFile; fileRef = D2361F1D15F642A400406A18 /* TOHandleView.m */; };
		D2698E7515EE37D3008A52D7 /* UIKit.framework in Frameworks */ = {isa = PBXBuildFile; fileRef = D2698E7415EE37D3008A52D7 /* UIKit.framework */; };
		D2698E7715EE37D3008A52D7 /* Foundation.framework in Frameworks */ = {isa = PBXBuildFile; fileRef = D2698E7615EE37D3008A52D7 /* Foundation.framework */; };
		D2698E7915EE37D3008A52D7 /* CoreGraphics.framework in Frameworks */ = {isa = PBXBuildFile; fileRef = D2698E7815EE37D3008A52D7 /* CoreGraphics.framework */; };
		D2698E7F15EE37D3008A52D7 /* InfoPlist.strings in Resources */ = {isa = PBXBuildFile; fileRef = D2698E7D15EE37D3008A52D7 /* InfoPlist.strings */; };
		D2698E8115EE37D3008A52D7 /* main.m in Sources */ = {isa = PBXBuildFile; fileRef = D2698E8015EE37D3008A52D7 /* main.m */; };
		D2698E8515EE37D4008A52D7 /* TOAppDelegate.m in Sources */ = {isa = PBXBuildFile; fileRef = D2698E8415EE37D4008A52D7 /* TOAppDelegate.m */; };
		D2698E8815EE37D4008A52D7 /* MainStoryboard.storyboard in Resources */ = {isa = PBXBuildFile; fileRef = D2698E8615EE37D4008A52D7 /* MainStoryboard.storyboard */; };
		D2698E9315EE37D4008A52D7 /* SenTestingKit.framework in Frameworks */ = {isa = PBXBuildFile; fileRef = D2698E9215EE37D4008A52D7 /* SenTestingKit.framework */; };
		D2698E9415EE37D4008A52D7 /* UIKit.framework in Frameworks */ = {isa = PBXBuildFile; fileRef = D2698E7415EE37D3008A52D7 /* UIKit.framework */; };
		D2698E9515EE37D4008A52D7 /* Foundation.framework in Frameworks */ = {isa = PBXBuildFile; fileRef = D2698E7615EE37D3008A52D7 /* Foundation.framework */; };
		D2698E9D15EE37D4008A52D7 /* InfoPlist.strings in Resources */ = {isa = PBXBuildFile; fileRef = D2698E9B15EE37D4008A52D7 /* InfoPlist.strings */; };
		D2698EAF15EE4080008A52D7 /* TOPlugableSoundView.m in Sources */ = {isa = PBXBuildFile; fileRef = D2698EAE15EE4080008A52D7 /* TOPlugableSoundView.m */; };
		D2698EB215EE40BF008A52D7 /* TOEqualizerSoundController.m in Sources */ = {isa = PBXBuildFile; fileRef = D2698EB115EE40BF008A52D7 /* TOEqualizerSoundController.m */; };
		D2698EBB15EE40E6008A52D7 /* TOLinearInterpolator.m in Sources */ = {isa = PBXBuildFile; fileRef = D2698EB415EE40E6008A52D7 /* TOLinearInterpolator.m */; };
		D2698EBC15EE40E6008A52D7 /* TOColorInterpolator.m in Sources */ = {isa = PBXBuildFile; fileRef = D2698EB615EE40E6008A52D7 /* TOColorInterpolator.m */; };
		D2698EBD15EE40E6008A52D7 /* TOAudioMeterView.m in Sources */ = {isa = PBXBuildFile; fileRef = D2698EB815EE40E6008A52D7 /* TOAudioMeterView.m */; };
		D2698EBE15EE40E6008A52D7 /* NSArray+arrayByRemovingObject.m in Sources */ = {isa = PBXBuildFile; fileRef = D2698EBA15EE40E6008A52D7 /* NSArray+arrayByRemovingObject.m */; };
		D2698ED315EE4255008A52D7 /* TOCAShortcuts.m in Sources */ = {isa = PBXBuildFile; fileRef = D2698EC215EE4255008A52D7 /* TOCAShortcuts.m */; };
		D2698ED415EE4255008A52D7 /* NSString+OSStatus.m in Sources */ = {isa = PBXBuildFile; fileRef = D2698EC415EE4255008A52D7 /* NSString+OSStatus.m */; };
		D2698ED515EE4255008A52D7 /* TOAudioUnit.m in Sources */ = {isa = PBXBuildFile; fileRef = D2698EC615EE4255008A52D7 /* TOAudioUnit.m */; };
		D2698ED615EE4255008A52D7 /* TOPlugableSound.m in Sources */ = {isa = PBXBuildFile; fileRef = D2698EC815EE4255008A52D7 /* TOPlugableSound.m */; };
		D2698ED715EE4255008A52D7 /* TOFilePlayerSound.m in Sources */ = {isa = PBXBuildFile; fileRef = D2698ECA15EE4255008A52D7 /* TOFilePlayerSound.m */; };
		D2698ED815EE4255008A52D7 /* TOVarispeedSound.m in Sources */ = {isa = PBXBuildFile; fileRef = D2698ECC15EE4255008A52D7 /* TOVarispeedSound.m */; };
		D2698EDA15EE4255008A52D7 /* TOEqualizerSound.m in Sources */ = {isa = PBXBuildFile; fileRef = D2698ED015EE4255008A52D7 /* TOEqualizerSound.m */; };
		D2698EDB15EE4255008A52D7 /* TOSoundDocument.m in Sources */ = {isa = PBXBuildFile; fileRef = D2698ED215EE4255008A52D7 /* TOSoundDocument.m */; };
		D2698EDF15EE442C008A52D7 /* AudioToolbox.framework in Frameworks */ = {isa = PBXBuildFile; fileRef = D2698EDE15EE442C008A52D7 /* AudioToolbox.framework */; };
		D2698EE115EE4431008A52D7 /* QuartzCore.framework in Frameworks */ = {isa = PBXBuildFile; fileRef = D2698EE015EE4431008A52D7 /* QuartzCore.framework */; };
		D2698EE315EE4448008A52D7 /* AVFoundation.framework in Frameworks */ = {isa = PBXBuildFile; fileRef = D2698EE215EE4448008A52D7 /* AVFoundation.framework */; };
		D2698EED15EE85ED008A52D7 /* TOSoundDocumentViewController.m in Sources */ = {isa = PBXBuildFile; fileRef = D2698EEC15EE85ED008A52D7 /* TOSoundDocumentViewController.m */; };
		D28B17CE163597220019F8A2 /* AudioToolbox.framework in Frameworks */ = {isa = PBXBuildFile; fileRef = D2698EDE15EE442C008A52D7 /* AudioToolbox.framework */; };
		D28BCDAA15F7861700893B57 /* clong-1.wav in Resources */ = {isa = PBXBuildFile; fileRef = D28BCDA415F7861700893B57 /* clong-1.wav */; };
		D28BCDAB15F7861700893B57 /* clong-2.wav in Resources */ = {isa = PBXBuildFile; fileRef = D28BCDA515F7861700893B57 /* clong-2.wav */; };
		D28BCDAC15F7861700893B57 /* electric-drill-2.wav in Resources */ = {isa = PBXBuildFile; fileRef = D28BCDA615F7861700893B57 /* electric-drill-2.wav */; };
		D28BCDAD15F7861700893B57 /* freezer-hum-1.wav in Resources */ = {isa = PBXBuildFile; fileRef = D28BCDA715F7861700893B57 /* freezer-hum-1.wav */; };
		D28BCDAE15F7861700893B57 /* grass-trimmer-1.wav in Resources */ = {isa = PBXBuildFile; fileRef = D28BCDA815F7861700893B57 /* grass-trimmer-1.wav */; };
		D28BCDAF15F7861700893B57 /* hammering-1.wav in Resources */ = {isa = PBXBuildFile; fileRef = D28BCDA915F7861700893B57 /* hammering-1.wav */; };
		D2AF006616357A3D00D63C87 /* TOCAShortcutsTests.m in Sources */ = {isa = PBXBuildFile; fileRef = D2AF006516357A3D00D63C87 /* TOCAShortcutsTests.m */; };
		D2DA43F815EFBFDF009B8432 /* 08 Hope You're Feeling Better.m4a in Resources */ = {isa = PBXBuildFile; fileRef = D2DA43F715EFBFDF009B8432 /* 08 Hope You're Feeling Better.m4a */; };
		D2DA440015EFE407009B8432 /* TOWaveformDrawer.m in Sources */ = {isa = PBXBuildFile; fileRef = D2DA43FF15EFE407009B8432 /* TOWaveformDrawer.m */; };
		D2DACC6215EFAA0E00824F5F /* TORoundedRectView.m in Sources */ = {isa = PBXBuildFile; fileRef = D2DACC6115EFAA0E00824F5F /* TORoundedRectView.m */; };
		D2DC571015FBA2DE0003AA50 /* TORecordingViewController.m in Sources */ = {isa = PBXBuildFile; fileRef = D2DC570F15FBA2DE0003AA50 /* TORecordingViewController.m */; };
		D2DC571415FBA2E90003AA50 /* TOAudioFileChooserViewController.m in Sources */ = {isa = PBXBuildFile; fileRef = D2DC571315FBA2E90003AA50 /* TOAudioFileChooserViewController.m */; };
		D2DC578C15FBD5710003AA50 /* TORecorder.m in Sources */ = {isa = PBXBuildFile; fileRef = D2DC578B15FBD5710003AA50 /* TORecorder.m */; };
		D2DC57C315FBF1460003AA50 /* TOSoundFileChangingViewController.m in Sources */ = {isa = PBXBuildFile; fileRef = D2DC57C215FBF1460003AA50 /* TOSoundFileChangingViewController.m */; };
		D2DFC211163B2A9700F1CAAF /* TOMocFilePlayerSound.m in Sources */ = {isa = PBXBuildFile; fileRef = D2DFC210163B2A9700F1CAAF /* TOMocFilePlayerSound.m */; };
/* End PBXBuildFile section */

/* Begin PBXContainerItemProxy section */
		D2698E9615EE37D4008A52D7 /* PBXContainerItemProxy */ = {
			isa = PBXContainerItemProxy;
			containerPortal = D2698E6715EE37D3008A52D7 /* Project object */;
			proxyType = 1;
			remoteGlobalIDString = D2698E6F15EE37D3008A52D7;
			remoteInfo = CircleSounds;
		};
/* End PBXContainerItemProxy section */

/* Begin PBXFileReference section */
		D203F41D163B2E2F00910E37 /* TOMocVarispeedSound.h */ = {isa = PBXFileReference; fileEncoding = 4; lastKnownFileType = sourcecode.c.h; path = TOMocVarispeedSound.h; sourceTree = "<group>"; };
		D203F41E163B2E2F00910E37 /* TOMocVarispeedSound.m */ = {isa = PBXFileReference; fileEncoding = 4; lastKnownFileType = sourcecode.c.objc; path = TOMocVarispeedSound.m; sourceTree = "<group>"; };
		D21A0073163BF53D005CA5FE /* TOMocEqualizerSound.h */ = {isa = PBXFileReference; fileEncoding = 4; lastKnownFileType = sourcecode.c.h; path = TOMocEqualizerSound.h; sourceTree = "<group>"; };
		D21A0074163BF53D005CA5FE /* TOMocEqualizerSound.m */ = {isa = PBXFileReference; fileEncoding = 4; lastKnownFileType = sourcecode.c.objc; path = TOMocEqualizerSound.m; sourceTree = "<group>"; };
		D220DD5F15FC8EC200696CA2 /* TOSoundFileChangingViewControllerDelegate.h */ = {isa = PBXFileReference; lastKnownFileType = sourcecode.c.h; path = TOSoundFileChangingViewControllerDelegate.h; sourceTree = "<group>"; };
		D220DD6115FC930500696CA2 /* TOAudioFileManager.h */ = {isa = PBXFileReference; fileEncoding = 4; lastKnownFileType = sourcecode.c.h; path = TOAudioFileManager.h; sourceTree = "<group>"; };
		D220DD6215FC930500696CA2 /* TOAudioFileManager.m */ = {isa = PBXFileReference; fileEncoding = 4; lastKnownFileType = sourcecode.c.objc; path = TOAudioFileManager.m; sourceTree = "<group>"; };
		D220DD6415FCAA5300696CA2 /* TOSoundDocumentDelegate.h */ = {isa = PBXFileReference; lastKnownFileType = sourcecode.c.h; path = TOSoundDocumentDelegate.h; sourceTree = "<group>"; };
		D222E16115F4EC0E004D5AE9 /* TOSoundDetailsPopoverViewController.h */ = {isa = PBXFileReference; fileEncoding = 4; lastKnownFileType = sourcecode.c.h; path = TOSoundDetailsPopoverViewController.h; sourceTree = "<group>"; };
		D222E16215F4EC0E004D5AE9 /* TOSoundDetailsPopoverViewController.m */ = {isa = PBXFileReference; fileEncoding = 4; lastKnownFileType = sourcecode.c.objc; path = TOSoundDetailsPopoverViewController.m; sourceTree = "<group>"; };
		D222E16515F516F3004D5AE9 /* TOSoundDetailsPopoverViewControllerDelegate.h */ = {isa = PBXFileReference; lastKnownFileType = sourcecode.c.h; path = TOSoundDetailsPopoverViewControllerDelegate.h; sourceTree = "<group>"; };
		D225BA6F163D896C004675EA /* TOMocSoundDocument.h */ = {isa = PBXFileReference; fileEncoding = 4; lastKnownFileType = sourcecode.c.h; path = TOMocSoundDocument.h; sourceTree = "<group>"; };
		D225BA70163D896D004675EA /* TOMocSoundDocument.m */ = {isa = PBXFileReference; fileEncoding = 4; lastKnownFileType = sourcecode.c.objc; path = TOMocSoundDocument.m; sourceTree = "<group>"; };
		D22F4EFE1635AE3600E17335 /* TOFilePlayerSoundTests.h */ = {isa = PBXFileReference; fileEncoding = 4; lastKnownFileType = sourcecode.c.h; path = TOFilePlayerSoundTests.h; sourceTree = "<group>"; };
		D22F4EFF1635AE3600E17335 /* TOFilePlayerSoundTests.m */ = {isa = PBXFileReference; fileEncoding = 4; lastKnownFileType = sourcecode.c.objc; path = TOFilePlayerSoundTests.m; sourceTree = "<group>"; };
		D22F4F021635AE4D00E17335 /* TOVarispeedSoundTests.h */ = {isa = PBXFileReference; fileEncoding = 4; lastKnownFileType = sourcecode.c.h; path = TOVarispeedSoundTests.h; sourceTree = "<group>"; };
		D22F4F031635AE4D00E17335 /* TOVarispeedSoundTests.m */ = {isa = PBXFileReference; fileEncoding = 4; lastKnownFileType = sourcecode.c.objc; path = TOVarispeedSoundTests.m; sourceTree = "<group>"; };
		D22F4F051635AE5900E17335 /* TOEqualizerSoundTests.h */ = {isa = PBXFileReference; fileEncoding = 4; lastKnownFileType = sourcecode.c.h; path = TOEqualizerSoundTests.h; sourceTree = "<group>"; };
		D22F4F061635AE5900E17335 /* TOEqualizerSoundTests.m */ = {isa = PBXFileReference; fileEncoding = 4; lastKnownFileType = sourcecode.c.objc; path = TOEqualizerSoundTests.m; sourceTree = "<group>"; };
		D22F4F081635AE6500E17335 /* TOSoundDocumentTests.h */ = {isa = PBXFileReference; fileEncoding = 4; lastKnownFileType = sourcecode.c.h; path = TOSoundDocumentTests.h; sourceTree = "<group>"; };
		D22F4F091635AE6500E17335 /* TOSoundDocumentTests.m */ = {isa = PBXFileReference; fileEncoding = 4; lastKnownFileType = sourcecode.c.objc; path = TOSoundDocumentTests.m; sourceTree = "<group>"; };
		D234233515FB7B0A004D8244 /* TOReplaceSegue.h */ = {isa = PBXFileReference; fileEncoding = 4; lastKnownFileType = sourcecode.c.h; path = TOReplaceSegue.h; sourceTree = "<group>"; };
		D234233615FB7B0A004D8244 /* TOReplaceSegue.m */ = {isa = PBXFileReference; fileEncoding = 4; lastKnownFileType = sourcecode.c.objc; path = TOReplaceSegue.m; sourceTree = "<group>"; };
		D2361F1C15F642A400406A18 /* TOHandleView.h */ = {isa = PBXFileReference; fileEncoding = 4; lastKnownFileType = sourcecode.c.h; path = TOHandleView.h; sourceTree = "<group>"; };
		D2361F1D15F642A400406A18 /* TOHandleView.m */ = {isa = PBXFileReference; fileEncoding = 4; lastKnownFileType = sourcecode.c.objc; path = TOHandleView.m; sourceTree = "<group>"; };
		D2698E7015EE37D3008A52D7 /* CircleSounds.app */ = {isa = PBXFileReference; explicitFileType = wrapper.application; includeInIndex = 0; path = CircleSounds.app; sourceTree = BUILT_PRODUCTS_DIR; };
		D2698E7415EE37D3008A52D7 /* UIKit.framework */ = {isa = PBXFileReference; lastKnownFileType = wrapper.framework; name = UIKit.framework; path = System/Library/Frameworks/UIKit.framework; sourceTree = SDKROOT; };
		D2698E7615EE37D3008A52D7 /* Foundation.framework */ = {isa = PBXFileReference; lastKnownFileType = wrapper.framework; name = Foundation.framework; path = System/Library/Frameworks/Foundation.framework; sourceTree = SDKROOT; };
		D2698E7815EE37D3008A52D7 /* CoreGraphics.framework */ = {isa = PBXFileReference; lastKnownFileType = wrapper.framework; name = CoreGraphics.framework; path = System/Library/Frameworks/CoreGraphics.framework; sourceTree = SDKROOT; };
		D2698E7C15EE37D3008A52D7 /* CircleSounds-Info.plist */ = {isa = PBXFileReference; lastKnownFileType = text.plist.xml; path = "CircleSounds-Info.plist"; sourceTree = "<group>"; };
		D2698E7E15EE37D3008A52D7 /* en */ = {isa = PBXFileReference; lastKnownFileType = text.plist.strings; name = en; path = en.lproj/InfoPlist.strings; sourceTree = "<group>"; };
		D2698E8015EE37D3008A52D7 /* main.m */ = {isa = PBXFileReference; lastKnownFileType = sourcecode.c.objc; path = main.m; sourceTree = "<group>"; };
		D2698E8215EE37D4008A52D7 /* CircleSounds-Prefix.pch */ = {isa = PBXFileReference; lastKnownFileType = sourcecode.c.h; path = "CircleSounds-Prefix.pch"; sourceTree = "<group>"; };
		D2698E8315EE37D4008A52D7 /* TOAppDelegate.h */ = {isa = PBXFileReference; lastKnownFileType = sourcecode.c.h; path = TOAppDelegate.h; sourceTree = "<group>"; };
		D2698E8415EE37D4008A52D7 /* TOAppDelegate.m */ = {isa = PBXFileReference; lastKnownFileType = sourcecode.c.objc; path = TOAppDelegate.m; sourceTree = "<group>"; };
		D2698E8715EE37D4008A52D7 /* en */ = {isa = PBXFileReference; lastKnownFileType = file.storyboard; name = en; path = en.lproj/MainStoryboard.storyboard; sourceTree = "<group>"; };
		D2698E9115EE37D4008A52D7 /* CircleSoundsTests.octest */ = {isa = PBXFileReference; explicitFileType = wrapper.cfbundle; includeInIndex = 0; path = CircleSoundsTests.octest; sourceTree = BUILT_PRODUCTS_DIR; };
		D2698E9215EE37D4008A52D7 /* SenTestingKit.framework */ = {isa = PBXFileReference; lastKnownFileType = wrapper.framework; name = SenTestingKit.framework; path = Library/Frameworks/SenTestingKit.framework; sourceTree = DEVELOPER_DIR; };
		D2698E9A15EE37D4008A52D7 /* CircleSoundsTests-Info.plist */ = {isa = PBXFileReference; lastKnownFileType = text.plist.xml; path = "CircleSoundsTests-Info.plist"; sourceTree = "<group>"; };
		D2698E9C15EE37D4008A52D7 /* en */ = {isa = PBXFileReference; lastKnownFileType = text.plist.strings; name = en; path = en.lproj/InfoPlist.strings; sourceTree = "<group>"; };
		D2698EAD15EE4080008A52D7 /* TOPlugableSoundView.h */ = {isa = PBXFileReference; fileEncoding = 4; lastKnownFileType = sourcecode.c.h; path = TOPlugableSoundView.h; sourceTree = "<group>"; };
		D2698EAE15EE4080008A52D7 /* TOPlugableSoundView.m */ = {isa = PBXFileReference; fileEncoding = 4; lastKnownFileType = sourcecode.c.objc; path = TOPlugableSoundView.m; sourceTree = "<group>"; };
		D2698EB015EE40BF008A52D7 /* TOEqualizerSoundController.h */ = {isa = PBXFileReference; fileEncoding = 4; lastKnownFileType = sourcecode.c.h; path = TOEqualizerSoundController.h; sourceTree = "<group>"; };
		D2698EB115EE40BF008A52D7 /* TOEqualizerSoundController.m */ = {isa = PBXFileReference; fileEncoding = 4; lastKnownFileType = sourcecode.c.objc; path = TOEqualizerSoundController.m; sourceTree = "<group>"; };
		D2698EB315EE40E6008A52D7 /* TOLinearInterpolator.h */ = {isa = PBXFileReference; fileEncoding = 4; lastKnownFileType = sourcecode.c.h; path = TOLinearInterpolator.h; sourceTree = "<group>"; };
		D2698EB415EE40E6008A52D7 /* TOLinearInterpolator.m */ = {isa = PBXFileReference; fileEncoding = 4; lastKnownFileType = sourcecode.c.objc; path = TOLinearInterpolator.m; sourceTree = "<group>"; };
		D2698EB515EE40E6008A52D7 /* TOColorInterpolator.h */ = {isa = PBXFileReference; fileEncoding = 4; lastKnownFileType = sourcecode.c.h; path = TOColorInterpolator.h; sourceTree = "<group>"; };
		D2698EB615EE40E6008A52D7 /* TOColorInterpolator.m */ = {isa = PBXFileReference; fileEncoding = 4; lastKnownFileType = sourcecode.c.objc; path = TOColorInterpolator.m; sourceTree = "<group>"; };
		D2698EB715EE40E6008A52D7 /* TOAudioMeterView.h */ = {isa = PBXFileReference; fileEncoding = 4; lastKnownFileType = sourcecode.c.h; path = TOAudioMeterView.h; sourceTree = "<group>"; };
		D2698EB815EE40E6008A52D7 /* TOAudioMeterView.m */ = {isa = PBXFileReference; fileEncoding = 4; lastKnownFileType = sourcecode.c.objc; path = TOAudioMeterView.m; sourceTree = "<group>"; };
		D2698EB915EE40E6008A52D7 /* NSArray+arrayByRemovingObject.h */ = {isa = PBXFileReference; fileEncoding = 4; lastKnownFileType = sourcecode.c.h; path = "NSArray+arrayByRemovingObject.h"; sourceTree = "<group>"; };
		D2698EBA15EE40E6008A52D7 /* NSArray+arrayByRemovingObject.m */ = {isa = PBXFileReference; fileEncoding = 4; lastKnownFileType = sourcecode.c.objc; path = "NSArray+arrayByRemovingObject.m"; sourceTree = "<group>"; };
		D2698EC115EE4255008A52D7 /* TOCAShortcuts.h */ = {isa = PBXFileReference; fileEncoding = 4; lastKnownFileType = sourcecode.c.h; path = TOCAShortcuts.h; sourceTree = "<group>"; };
		D2698EC215EE4255008A52D7 /* TOCAShortcuts.m */ = {isa = PBXFileReference; fileEncoding = 4; lastKnownFileType = sourcecode.c.objc; path = TOCAShortcuts.m; sourceTree = "<group>"; };
		D2698EC315EE4255008A52D7 /* NSString+OSStatus.h */ = {isa = PBXFileReference; fileEncoding = 4; lastKnownFileType = sourcecode.c.h; path = "NSString+OSStatus.h"; sourceTree = "<group>"; };
		D2698EC415EE4255008A52D7 /* NSString+OSStatus.m */ = {isa = PBXFileReference; fileEncoding = 4; lastKnownFileType = sourcecode.c.objc; path = "NSString+OSStatus.m"; sourceTree = "<group>"; };
		D2698EC515EE4255008A52D7 /* TOAudioUnit.h */ = {isa = PBXFileReference; fileEncoding = 4; lastKnownFileType = sourcecode.c.h; path = TOAudioUnit.h; sourceTree = "<group>"; };
		D2698EC615EE4255008A52D7 /* TOAudioUnit.m */ = {isa = PBXFileReference; fileEncoding = 4; lastKnownFileType = sourcecode.c.objc; path = TOAudioUnit.m; sourceTree = "<group>"; };
		D2698EC715EE4255008A52D7 /* TOPlugableSound.h */ = {isa = PBXFileReference; fileEncoding = 4; lastKnownFileType = sourcecode.c.h; path = TOPlugableSound.h; sourceTree = "<group>"; };
		D2698EC815EE4255008A52D7 /* TOPlugableSound.m */ = {isa = PBXFileReference; fileEncoding = 4; lastKnownFileType = sourcecode.c.objc; path = TOPlugableSound.m; sourceTree = "<group>"; };
		D2698EC915EE4255008A52D7 /* TOFilePlayerSound.h */ = {isa = PBXFileReference; fileEncoding = 4; lastKnownFileType = sourcecode.c.h; path = TOFilePlayerSound.h; sourceTree = "<group>"; };
		D2698ECA15EE4255008A52D7 /* TOFilePlayerSound.m */ = {isa = PBXFileReference; fileEncoding = 4; lastKnownFileType = sourcecode.c.objc; path = TOFilePlayerSound.m; sourceTree = "<group>"; };
		D2698ECB15EE4255008A52D7 /* TOVarispeedSound.h */ = {isa = PBXFileReference; fileEncoding = 4; lastKnownFileType = sourcecode.c.h; path = TOVarispeedSound.h; sourceTree = "<group>"; };
		D2698ECC15EE4255008A52D7 /* TOVarispeedSound.m */ = {isa = PBXFileReference; fileEncoding = 4; lastKnownFileType = sourcecode.c.objc; path = TOVarispeedSound.m; sourceTree = "<group>"; };
		D2698ECF15EE4255008A52D7 /* TOEqualizerSound.h */ = {isa = PBXFileReference; fileEncoding = 4; lastKnownFileType = sourcecode.c.h; path = TOEqualizerSound.h; sourceTree = "<group>"; };
		D2698ED015EE4255008A52D7 /* TOEqualizerSound.m */ = {isa = PBXFileReference; fileEncoding = 4; lastKnownFileType = sourcecode.c.objc; path = TOEqualizerSound.m; sourceTree = "<group>"; };
		D2698ED115EE4255008A52D7 /* TOSoundDocument.h */ = {isa = PBXFileReference; fileEncoding = 4; lastKnownFileType = sourcecode.c.h; path = TOSoundDocument.h; sourceTree = "<group>"; };
		D2698ED215EE4255008A52D7 /* TOSoundDocument.m */ = {isa = PBXFileReference; fileEncoding = 4; lastKnownFileType = sourcecode.c.objc; path = TOSoundDocument.m; sourceTree = "<group>"; };
		D2698EDE15EE442C008A52D7 /* AudioToolbox.framework */ = {isa = PBXFileReference; lastKnownFileType = wrapper.framework; name = AudioToolbox.framework; path = System/Library/Frameworks/AudioToolbox.framework; sourceTree = SDKROOT; };
		D2698EE015EE4431008A52D7 /* QuartzCore.framework */ = {isa = PBXFileReference; lastKnownFileType = wrapper.framework; name = QuartzCore.framework; path = System/Library/Frameworks/QuartzCore.framework; sourceTree = SDKROOT; };
		D2698EE215EE4448008A52D7 /* AVFoundation.framework */ = {isa = PBXFileReference; lastKnownFileType = wrapper.framework; name = AVFoundation.framework; path = System/Library/Frameworks/AVFoundation.framework; sourceTree = SDKROOT; };
		D2698EEB15EE85ED008A52D7 /* TOSoundDocumentViewController.h */ = {isa = PBXFileReference; fileEncoding = 4; lastKnownFileType = sourcecode.c.h; path = TOSoundDocumentViewController.h; sourceTree = "<group>"; };
		D2698EEC15EE85ED008A52D7 /* TOSoundDocumentViewController.m */ = {isa = PBXFileReference; fileEncoding = 4; lastKnownFileType = sourcecode.c.objc; path = TOSoundDocumentViewController.m; sourceTree = "<group>"; };
		D28BCDA415F7861700893B57 /* clong-1.wav */ = {isa = PBXFileReference; lastKnownFileType = audio.wav; path = "clong-1.wav"; sourceTree = "<group>"; };
		D28BCDA515F7861700893B57 /* clong-2.wav */ = {isa = PBXFileReference; lastKnownFileType = audio.wav; path = "clong-2.wav"; sourceTree = "<group>"; };
		D28BCDA615F7861700893B57 /* electric-drill-2.wav */ = {isa = PBXFileReference; lastKnownFileType = audio.wav; path = "electric-drill-2.wav"; sourceTree = "<group>"; };
		D28BCDA715F7861700893B57 /* freezer-hum-1.wav */ = {isa = PBXFileReference; lastKnownFileType = audio.wav; path = "freezer-hum-1.wav"; sourceTree = "<group>"; };
		D28BCDA815F7861700893B57 /* grass-trimmer-1.wav */ = {isa = PBXFileReference; lastKnownFileType = audio.wav; path = "grass-trimmer-1.wav"; sourceTree = "<group>"; };
		D28BCDA915F7861700893B57 /* hammering-1.wav */ = {isa = PBXFileReference; lastKnownFileType = audio.wav; path = "hammering-1.wav"; sourceTree = "<group>"; };
		D2AF006416357A3D00D63C87 /* TOCAShortcutsTests.h */ = {isa = PBXFileReference; fileEncoding = 4; lastKnownFileType = sourcecode.c.h; path = TOCAShortcutsTests.h; sourceTree = "<group>"; };
		D2AF006516357A3D00D63C87 /* TOCAShortcutsTests.m */ = {isa = PBXFileReference; fileEncoding = 4; lastKnownFileType = sourcecode.c.objc; path = TOCAShortcutsTests.m; sourceTree = "<group>"; };
		D2DA43F715EFBFDF009B8432 /* 08 Hope You're Feeling Better.m4a */ = {isa = PBXFileReference; lastKnownFileType = file; path = "08 Hope You're Feeling Better.m4a"; sourceTree = "<group>"; };
		D2DA43FE15EFE407009B8432 /* TOWaveformDrawer.h */ = {isa = PBXFileReference; fileEncoding = 4; lastKnownFileType = sourcecode.c.h; path = TOWaveformDrawer.h; sourceTree = "<group>"; };
		D2DA43FF15EFE407009B8432 /* TOWaveformDrawer.m */ = {isa = PBXFileReference; fileEncoding = 4; lastKnownFileType = sourcecode.c.objc; path = TOWaveformDrawer.m; sourceTree = "<group>"; };
		D2DACC6015EFAA0E00824F5F /* TORoundedRectView.h */ = {isa = PBXFileReference; fileEncoding = 4; lastKnownFileType = sourcecode.c.h; path = TORoundedRectView.h; sourceTree = "<group>"; };
		D2DACC6115EFAA0E00824F5F /* TORoundedRectView.m */ = {isa = PBXFileReference; fileEncoding = 4; lastKnownFileType = sourcecode.c.objc; path = TORoundedRectView.m; sourceTree = "<group>"; };
		D2DC570E15FBA2DE0003AA50 /* TORecordingViewController.h */ = {isa = PBXFileReference; fileEncoding = 4; lastKnownFileType = sourcecode.c.h; path = TORecordingViewController.h; sourceTree = "<group>"; };
		D2DC570F15FBA2DE0003AA50 /* TORecordingViewController.m */ = {isa = PBXFileReference; fileEncoding = 4; lastKnownFileType = sourcecode.c.objc; path = TORecordingViewController.m; sourceTree = "<group>"; };
		D2DC571215FBA2E90003AA50 /* TOAudioFileChooserViewController.h */ = {isa = PBXFileReference; fileEncoding = 4; lastKnownFileType = sourcecode.c.h; path = TOAudioFileChooserViewController.h; sourceTree = "<group>"; };
		D2DC571315FBA2E90003AA50 /* TOAudioFileChooserViewController.m */ = {isa = PBXFileReference; fileEncoding = 4; lastKnownFileType = sourcecode.c.objc; path = TOAudioFileChooserViewController.m; sourceTree = "<group>"; };
		D2DC578A15FBD5710003AA50 /* TORecorder.h */ = {isa = PBXFileReference; fileEncoding = 4; lastKnownFileType = sourcecode.c.h; path = TORecorder.h; sourceTree = "<group>"; };
		D2DC578B15FBD5710003AA50 /* TORecorder.m */ = {isa = PBXFileReference; fileEncoding = 4; lastKnownFileType = sourcecode.c.objc; path = TORecorder.m; sourceTree = "<group>"; };
		D2DC578E15FBD6AC0003AA50 /* TORecorderDelegate.h */ = {isa = PBXFileReference; fileEncoding = 4; lastKnownFileType = sourcecode.c.h; path = TORecorderDelegate.h; sourceTree = "<group>"; };
		D2DC57C115FBF1460003AA50 /* TOSoundFileChangingViewController.h */ = {isa = PBXFileReference; fileEncoding = 4; lastKnownFileType = sourcecode.c.h; path = TOSoundFileChangingViewController.h; sourceTree = "<group>"; };
		D2DC57C215FBF1460003AA50 /* TOSoundFileChangingViewController.m */ = {isa = PBXFileReference; fileEncoding = 4; lastKnownFileType = sourcecode.c.objc; path = TOSoundFileChangingViewController.m; sourceTree = "<group>"; };
		D2DFC20F163B2A9700F1CAAF /* TOMocFilePlayerSound.h */ = {isa = PBXFileReference; fileEncoding = 4; lastKnownFileType = sourcecode.c.h; path = TOMocFilePlayerSound.h; sourceTree = "<group>"; };
		D2DFC210163B2A9700F1CAAF /* TOMocFilePlayerSound.m */ = {isa = PBXFileReference; fileEncoding = 4; lastKnownFileType = sourcecode.c.objc; path = TOMocFilePlayerSound.m; sourceTree = "<group>"; };
/* End PBXFileReference section */

/* Begin PBXFrameworksBuildPhase section */
		D2698E6D15EE37D3008A52D7 /* Frameworks */ = {
			isa = PBXFrameworksBuildPhase;
			buildActionMask = 2147483647;
			files = (
				D2698EE315EE4448008A52D7 /* AVFoundation.framework in Frameworks */,
				D2698EE115EE4431008A52D7 /* QuartzCore.framework in Frameworks */,
				D2698EDF15EE442C008A52D7 /* AudioToolbox.framework in Frameworks */,
				D2698E7515EE37D3008A52D7 /* UIKit.framework in Frameworks */,
				D2698E7715EE37D3008A52D7 /* Foundation.framework in Frameworks */,
				D2698E7915EE37D3008A52D7 /* CoreGraphics.framework in Frameworks */,
			);
			runOnlyForDeploymentPostprocessing = 0;
		};
		D2698E8D15EE37D4008A52D7 /* Frameworks */ = {
			isa = PBXFrameworksBuildPhase;
			buildActionMask = 2147483647;
			files = (
				D28B17CE163597220019F8A2 /* AudioToolbox.framework in Frameworks */,
				D2698E9315EE37D4008A52D7 /* SenTestingKit.framework in Frameworks */,
				D2698E9415EE37D4008A52D7 /* UIKit.framework in Frameworks */,
				D2698E9515EE37D4008A52D7 /* Foundation.framework in Frameworks */,
			);
			runOnlyForDeploymentPostprocessing = 0;
		};
/* End PBXFrameworksBuildPhase section */

/* Begin PBXGroup section */
		D2698E6515EE37D3008A52D7 = {
			isa = PBXGroup;
			children = (
				D2698E7A15EE37D3008A52D7 /* CircleSounds */,
				D2698E9815EE37D4008A52D7 /* CircleSoundsTests */,
				D2698E7315EE37D3008A52D7 /* Frameworks */,
				D2698E7115EE37D3008A52D7 /* Products */,
			);
			sourceTree = "<group>";
		};
		D2698E7115EE37D3008A52D7 /* Products */ = {
			isa = PBXGroup;
			children = (
				D2698E7015EE37D3008A52D7 /* CircleSounds.app */,
				D2698E9115EE37D4008A52D7 /* CircleSoundsTests.octest */,
			);
			name = Products;
			sourceTree = "<group>";
		};
		D2698E7315EE37D3008A52D7 /* Frameworks */ = {
			isa = PBXGroup;
			children = (
				D2698EE215EE4448008A52D7 /* AVFoundation.framework */,
				D2698EE015EE4431008A52D7 /* QuartzCore.framework */,
				D2698EDE15EE442C008A52D7 /* AudioToolbox.framework */,
				D2698E7415EE37D3008A52D7 /* UIKit.framework */,
				D2698E7615EE37D3008A52D7 /* Foundation.framework */,
				D2698E7815EE37D3008A52D7 /* CoreGraphics.framework */,
				D2698E9215EE37D4008A52D7 /* SenTestingKit.framework */,
			);
			name = Frameworks;
			sourceTree = "<group>";
		};
		D2698E7A15EE37D3008A52D7 /* CircleSounds */ = {
			isa = PBXGroup;
			children = (
				D2DC571515FBAD070003AA50 /* Views & Drawing */,
				D2698EDC15EE4262008A52D7 /* Core Audio */,
				D2698EC015EE4105008A52D7 /* Interpolation */,
				D2698EB015EE40BF008A52D7 /* TOEqualizerSoundController.h */,
				D2698EB115EE40BF008A52D7 /* TOEqualizerSoundController.m */,
				D2698EEB15EE85ED008A52D7 /* TOSoundDocumentViewController.h */,
				D2698EEC15EE85ED008A52D7 /* TOSoundDocumentViewController.m */,
				D222E16115F4EC0E004D5AE9 /* TOSoundDetailsPopoverViewController.h */,
				D222E16215F4EC0E004D5AE9 /* TOSoundDetailsPopoverViewController.m */,
				D222E16515F516F3004D5AE9 /* TOSoundDetailsPopoverViewControllerDelegate.h */,
				D2DC57C115FBF1460003AA50 /* TOSoundFileChangingViewController.h */,
				D2DC57C215FBF1460003AA50 /* TOSoundFileChangingViewController.m */,
				D220DD5F15FC8EC200696CA2 /* TOSoundFileChangingViewControllerDelegate.h */,
				D2DC570E15FBA2DE0003AA50 /* TORecordingViewController.h */,
				D2DC570F15FBA2DE0003AA50 /* TORecordingViewController.m */,
				D2DC571215FBA2E90003AA50 /* TOAudioFileChooserViewController.h */,
				D2DC571315FBA2E90003AA50 /* TOAudioFileChooserViewController.m */,
				D2698E8315EE37D4008A52D7 /* TOAppDelegate.h */,
				D2698E8415EE37D4008A52D7 /* TOAppDelegate.m */,
				D220DD6115FC930500696CA2 /* TOAudioFileManager.h */,
				D220DD6215FC930500696CA2 /* TOAudioFileManager.m */,
				D2698E8615EE37D4008A52D7 /* MainStoryboard.storyboard */,
				D2698EBF15EE40EE008A52D7 /* Categories */,
				D2698E7B15EE37D3008A52D7 /* Supporting Files */,
				D2DC571615FBAD390003AA50 /* Segues */,
			);
			path = CircleSounds;
			sourceTree = "<group>";
		};
		D2698E7B15EE37D3008A52D7 /* Supporting Files */ = {
			isa = PBXGroup;
			children = (
				D28BCDA415F7861700893B57 /* clong-1.wav */,
				D28BCDA515F7861700893B57 /* clong-2.wav */,
				D28BCDA615F7861700893B57 /* electric-drill-2.wav */,
				D28BCDA715F7861700893B57 /* freezer-hum-1.wav */,
				D28BCDA815F7861700893B57 /* grass-trimmer-1.wav */,
				D28BCDA915F7861700893B57 /* hammering-1.wav */,
				D2DA43F715EFBFDF009B8432 /* 08 Hope You're Feeling Better.m4a */,
				D2698E7C15EE37D3008A52D7 /* CircleSounds-Info.plist */,
				D2698E7D15EE37D3008A52D7 /* InfoPlist.strings */,
				D2698E8015EE37D3008A52D7 /* main.m */,
				D2698E8215EE37D4008A52D7 /* CircleSounds-Prefix.pch */,
			);
			name = "Supporting Files";
			sourceTree = "<group>";
		};
		D2698E9815EE37D4008A52D7 /* CircleSoundsTests */ = {
			isa = PBXGroup;
			children = (
				D2AF006416357A3D00D63C87 /* TOCAShortcutsTests.h */,
				D2AF006516357A3D00D63C87 /* TOCAShortcutsTests.m */,
				D22F4EFE1635AE3600E17335 /* TOFilePlayerSoundTests.h */,
				D22F4EFF1635AE3600E17335 /* TOFilePlayerSoundTests.m */,
				D22F4F021635AE4D00E17335 /* TOVarispeedSoundTests.h */,
				D22F4F031635AE4D00E17335 /* TOVarispeedSoundTests.m */,
				D22F4F051635AE5900E17335 /* TOEqualizerSoundTests.h */,
				D22F4F061635AE5900E17335 /* TOEqualizerSoundTests.m */,
				D22F4F081635AE6500E17335 /* TOSoundDocumentTests.h */,
				D22F4F091635AE6500E17335 /* TOSoundDocumentTests.m */,
				D2698E9915EE37D4008A52D7 /* Supporting Files */,
				D2DFC20F163B2A9700F1CAAF /* TOMocFilePlayerSound.h */,
				D2DFC210163B2A9700F1CAAF /* TOMocFilePlayerSound.m */,
				D203F41D163B2E2F00910E37 /* TOMocVarispeedSound.h */,
				D203F41E163B2E2F00910E37 /* TOMocVarispeedSound.m */,
				D21A0073163BF53D005CA5FE /* TOMocEqualizerSound.h */,
				D21A0074163BF53D005CA5FE /* TOMocEqualizerSound.m */,
				D225BA6F163D896C004675EA /* TOMocSoundDocument.h */,
				D225BA70163D896D004675EA /* TOMocSoundDocument.m */,
			);
			path = CircleSoundsTests;
			sourceTree = "<group>";
		};
		D2698E9915EE37D4008A52D7 /* Supporting Files */ = {
			isa = PBXGroup;
			children = (
				D2698E9A15EE37D4008A52D7 /* CircleSoundsTests-Info.plist */,
				D2698E9B15EE37D4008A52D7 /* InfoPlist.strings */,
			);
			name = "Supporting Files";
			sourceTree = "<group>";
		};
		D2698EBF15EE40EE008A52D7 /* Categories */ = {
			isa = PBXGroup;
			children = (
				D2698EC315EE4255008A52D7 /* NSString+OSStatus.h */,
				D2698EC415EE4255008A52D7 /* NSString+OSStatus.m */,
				D2698EB915EE40E6008A52D7 /* NSArray+arrayByRemovingObject.h */,
				D2698EBA15EE40E6008A52D7 /* NSArray+arrayByRemovingObject.m */,
			);
			name = Categories;
			sourceTree = "<group>";
		};
		D2698EC015EE4105008A52D7 /* Interpolation */ = {
			isa = PBXGroup;
			children = (
				D2698EB315EE40E6008A52D7 /* TOLinearInterpolator.h */,
				D2698EB415EE40E6008A52D7 /* TOLinearInterpolator.m */,
				D2698EB515EE40E6008A52D7 /* TOColorInterpolator.h */,
				D2698EB615EE40E6008A52D7 /* TOColorInterpolator.m */,
			);
			name = Interpolation;
			sourceTree = "<group>";
		};
		D2698EDC15EE4262008A52D7 /* Core Audio */ = {
			isa = PBXGroup;
			children = (
				D2698EC115EE4255008A52D7 /* TOCAShortcuts.h */,
				D2698EC215EE4255008A52D7 /* TOCAShortcuts.m */,
				D2DC578A15FBD5710003AA50 /* TORecorder.h */,
				D2DC578B15FBD5710003AA50 /* TORecorder.m */,
				D2DC578E15FBD6AC0003AA50 /* TORecorderDelegate.h */,
				D2698EC515EE4255008A52D7 /* TOAudioUnit.h */,
				D2698EC615EE4255008A52D7 /* TOAudioUnit.m */,
				D2698EDD15EE427F008A52D7 /* Plugable Sounds */,
				D2698ED115EE4255008A52D7 /* TOSoundDocument.h */,
				D2698ED215EE4255008A52D7 /* TOSoundDocument.m */,
				D220DD6415FCAA5300696CA2 /* TOSoundDocumentDelegate.h */,
			);
			name = "Core Audio";
			sourceTree = "<group>";
		};
		D2698EDD15EE427F008A52D7 /* Plugable Sounds */ = {
			isa = PBXGroup;
			children = (
				D2698EC715EE4255008A52D7 /* TOPlugableSound.h */,
				D2698EC815EE4255008A52D7 /* TOPlugableSound.m */,
				D2698EC915EE4255008A52D7 /* TOFilePlayerSound.h */,
				D2698ECA15EE4255008A52D7 /* TOFilePlayerSound.m */,
				D2698ECB15EE4255008A52D7 /* TOVarispeedSound.h */,
				D2698ECC15EE4255008A52D7 /* TOVarispeedSound.m */,
				D2698ECF15EE4255008A52D7 /* TOEqualizerSound.h */,
				D2698ED015EE4255008A52D7 /* TOEqualizerSound.m */,
			);
			name = "Plugable Sounds";
			sourceTree = "<group>";
		};
		D2DC571515FBAD070003AA50 /* Views & Drawing */ = {
			isa = PBXGroup;
			children = (
				D2DACC6015EFAA0E00824F5F /* TORoundedRectView.h */,
				D2DACC6115EFAA0E00824F5F /* TORoundedRectView.m */,
				D2361F1C15F642A400406A18 /* TOHandleView.h */,
				D2361F1D15F642A400406A18 /* TOHandleView.m */,
				D2DA43FE15EFE407009B8432 /* TOWaveformDrawer.h */,
				D2DA43FF15EFE407009B8432 /* TOWaveformDrawer.m */,
				D2698EB715EE40E6008A52D7 /* TOAudioMeterView.h */,
				D2698EB815EE40E6008A52D7 /* TOAudioMeterView.m */,
				D2698EAD15EE4080008A52D7 /* TOPlugableSoundView.h */,
				D2698EAE15EE4080008A52D7 /* TOPlugableSoundView.m */,
			);
			name = "Views & Drawing";
			sourceTree = "<group>";
		};
		D2DC571615FBAD390003AA50 /* Segues */ = {
			isa = PBXGroup;
			children = (
				D234233515FB7B0A004D8244 /* TOReplaceSegue.h */,
				D234233615FB7B0A004D8244 /* TOReplaceSegue.m */,
			);
			name = Segues;
			sourceTree = "<group>";
		};
/* End PBXGroup section */

/* Begin PBXNativeTarget section */
		D2698E6F15EE37D3008A52D7 /* CircleSounds */ = {
			isa = PBXNativeTarget;
			buildConfigurationList = D2698EA315EE37D4008A52D7 /* Build configuration list for PBXNativeTarget "CircleSounds" */;
			buildPhases = (
				D2698E6C15EE37D3008A52D7 /* Sources */,
				D2698E6D15EE37D3008A52D7 /* Frameworks */,
				D2698E6E15EE37D3008A52D7 /* Resources */,
			);
			buildRules = (
			);
			dependencies = (
			);
			name = CircleSounds;
			productName = CircleSounds;
			productReference = D2698E7015EE37D3008A52D7 /* CircleSounds.app */;
			productType = "com.apple.product-type.application";
		};
		D2698E9015EE37D4008A52D7 /* CircleSoundsTests */ = {
			isa = PBXNativeTarget;
			buildConfigurationList = D2698EA615EE37D4008A52D7 /* Build configuration list for PBXNativeTarget "CircleSoundsTests" */;
			buildPhases = (
				D2698E8C15EE37D4008A52D7 /* Sources */,
				D2698E8D15EE37D4008A52D7 /* Frameworks */,
				D2698E8E15EE37D4008A52D7 /* Resources */,
				D2698E8F15EE37D4008A52D7 /* ShellScript */,
			);
			buildRules = (
			);
			dependencies = (
				D2698E9715EE37D4008A52D7 /* PBXTargetDependency */,
			);
			name = CircleSoundsTests;
			productName = CircleSoundsTests;
			productReference = D2698E9115EE37D4008A52D7 /* CircleSoundsTests.octest */;
			productType = "com.apple.product-type.bundle";
		};
/* End PBXNativeTarget section */

/* Begin PBXProject section */
		D2698E6715EE37D3008A52D7 /* Project object */ = {
			isa = PBXProject;
			attributes = {
				CLASSPREFIX = TO;
				LastUpgradeCheck = 0510;
				ORGANIZATIONNAME = "Tobias Ottenweller";
				TargetAttributes = {
					D2698E6F15EE37D3008A52D7 = {
						DevelopmentTeam = 9KYFX28EJA;
					};
				};
			};
			buildConfigurationList = D2698E6A15EE37D3008A52D7 /* Build configuration list for PBXProject "CircleSounds" */;
			compatibilityVersion = "Xcode 3.2";
			developmentRegion = English;
			hasScannedForEncodings = 0;
			knownRegions = (
				en,
			);
			mainGroup = D2698E6515EE37D3008A52D7;
			productRefGroup = D2698E7115EE37D3008A52D7 /* Products */;
			projectDirPath = "";
			projectRoot = "";
			targets = (
				D2698E6F15EE37D3008A52D7 /* CircleSounds */,
				D2698E9015EE37D4008A52D7 /* CircleSoundsTests */,
			);
		};
/* End PBXProject section */

/* Begin PBXResourcesBuildPhase section */
		D2698E6E15EE37D3008A52D7 /* Resources */ = {
			isa = PBXResourcesBuildPhase;
			buildActionMask = 2147483647;
			files = (
				D2698E7F15EE37D3008A52D7 /* InfoPlist.strings in Resources */,
				D2698E8815EE37D4008A52D7 /* MainStoryboard.storyboard in Resources */,
				D2DA43F815EFBFDF009B8432 /* 08 Hope You're Feeling Better.m4a in Resources */,
				D28BCDAA15F7861700893B57 /* clong-1.wav in Resources */,
				D28BCDAB15F7861700893B57 /* clong-2.wav in Resources */,
				D28BCDAC15F7861700893B57 /* electric-drill-2.wav in Resources */,
				D28BCDAD15F7861700893B57 /* freezer-hum-1.wav in Resources */,
				D28BCDAE15F7861700893B57 /* grass-trimmer-1.wav in Resources */,
				D28BCDAF15F7861700893B57 /* hammering-1.wav in Resources */,
			);
			runOnlyForDeploymentPostprocessing = 0;
		};
		D2698E8E15EE37D4008A52D7 /* Resources */ = {
			isa = PBXResourcesBuildPhase;
			buildActionMask = 2147483647;
			files = (
				D2698E9D15EE37D4008A52D7 /* InfoPlist.strings in Resources */,
				D22F4F0B1635E4C200E17335 /* clong-1.wav in Resources */,
			);
			runOnlyForDeploymentPostprocessing = 0;
		};
/* End PBXResourcesBuildPhase section */

/* Begin PBXShellScriptBuildPhase section */
		D2698E8F15EE37D4008A52D7 /* ShellScript */ = {
			isa = PBXShellScriptBuildPhase;
			buildActionMask = 2147483647;
			files = (
			);
			inputPaths = (
			);
			outputPaths = (
			);
			runOnlyForDeploymentPostprocessing = 0;
			shellPath = /bin/sh;
			shellScript = "# Run the unit tests in this test bundle.\n\"${SYSTEM_DEVELOPER_DIR}/Tools/RunUnitTests\"\n";
		};
/* End PBXShellScriptBuildPhase section */

/* Begin PBXSourcesBuildPhase section */
		D2698E6C15EE37D3008A52D7 /* Sources */ = {
			isa = PBXSourcesBuildPhase;
			buildActionMask = 2147483647;
			files = (
				D2698E8115EE37D3008A52D7 /* main.m in Sources */,
				D2698E8515EE37D4008A52D7 /* TOAppDelegate.m in Sources */,
				D2698EAF15EE4080008A52D7 /* TOPlugableSoundView.m in Sources */,
				D2698EB215EE40BF008A52D7 /* TOEqualizerSoundController.m in Sources */,
				D2698EBB15EE40E6008A52D7 /* TOLinearInterpolator.m in Sources */,
				D2698EBC15EE40E6008A52D7 /* TOColorInterpolator.m in Sources */,
				D2698EBD15EE40E6008A52D7 /* TOAudioMeterView.m in Sources */,
				D2698EBE15EE40E6008A52D7 /* NSArray+arrayByRemovingObject.m in Sources */,
				D2698ED315EE4255008A52D7 /* TOCAShortcuts.m in Sources */,
				D2698ED415EE4255008A52D7 /* NSString+OSStatus.m in Sources */,
				D2698ED515EE4255008A52D7 /* TOAudioUnit.m in Sources */,
				D2698ED615EE4255008A52D7 /* TOPlugableSound.m in Sources */,
				D2698ED715EE4255008A52D7 /* TOFilePlayerSound.m in Sources */,
				D2698ED815EE4255008A52D7 /* TOVarispeedSound.m in Sources */,
				D2698EDA15EE4255008A52D7 /* TOEqualizerSound.m in Sources */,
				D2698EDB15EE4255008A52D7 /* TOSoundDocument.m in Sources */,
				D2698EED15EE85ED008A52D7 /* TOSoundDocumentViewController.m in Sources */,
				D2DACC6215EFAA0E00824F5F /* TORoundedRectView.m in Sources */,
				D2DA440015EFE407009B8432 /* TOWaveformDrawer.m in Sources */,
				D222E16315F4EC0E004D5AE9 /* TOSoundDetailsPopoverViewController.m in Sources */,
				D2361F1E15F642A400406A18 /* TOHandleView.m in Sources */,
				D234233715FB7B0A004D8244 /* TOReplaceSegue.m in Sources */,
				D2DC571015FBA2DE0003AA50 /* TORecordingViewController.m in Sources */,
				D2DC571415FBA2E90003AA50 /* TOAudioFileChooserViewController.m in Sources */,
				D2DC578C15FBD5710003AA50 /* TORecorder.m in Sources */,
				D2DC57C315FBF1460003AA50 /* TOSoundFileChangingViewController.m in Sources */,
				D220DD6315FC930500696CA2 /* TOAudioFileManager.m in Sources */,
			);
			runOnlyForDeploymentPostprocessing = 0;
		};
		D2698E8C15EE37D4008A52D7 /* Sources */ = {
			isa = PBXSourcesBuildPhase;
			buildActionMask = 2147483647;
			files = (
				D2AF006616357A3D00D63C87 /* TOCAShortcutsTests.m in Sources */,
				D22F4F001635AE3600E17335 /* TOFilePlayerSoundTests.m in Sources */,
				D22F4F041635AE4D00E17335 /* TOVarispeedSoundTests.m in Sources */,
				D22F4F071635AE5900E17335 /* TOEqualizerSoundTests.m in Sources */,
				D22F4F0A1635AE6500E17335 /* TOSoundDocumentTests.m in Sources */,
				D2DFC211163B2A9700F1CAAF /* TOMocFilePlayerSound.m in Sources */,
				D203F41F163B2E2F00910E37 /* TOMocVarispeedSound.m in Sources */,
				D21A0075163BF53D005CA5FE /* TOMocEqualizerSound.m in Sources */,
				D225BA71163D896D004675EA /* TOMocSoundDocument.m in Sources */,
			);
			runOnlyForDeploymentPostprocessing = 0;
		};
/* End PBXSourcesBuildPhase section */

/* Begin PBXTargetDependency section */
		D2698E9715EE37D4008A52D7 /* PBXTargetDependency */ = {
			isa = PBXTargetDependency;
			target = D2698E6F15EE37D3008A52D7 /* CircleSounds */;
			targetProxy = D2698E9615EE37D4008A52D7 /* PBXContainerItemProxy */;
		};
/* End PBXTargetDependency section */

/* Begin PBXVariantGroup section */
		D2698E7D15EE37D3008A52D7 /* InfoPlist.strings */ = {
			isa = PBXVariantGroup;
			children = (
				D2698E7E15EE37D3008A52D7 /* en */,
			);
			name = InfoPlist.strings;
			sourceTree = "<group>";
		};
		D2698E8615EE37D4008A52D7 /* MainStoryboard.storyboard */ = {
			isa = PBXVariantGroup;
			children = (
				D2698E8715EE37D4008A52D7 /* en */,
			);
			name = MainStoryboard.storyboard;
			sourceTree = "<group>";
		};
		D2698E9B15EE37D4008A52D7 /* InfoPlist.strings */ = {
			isa = PBXVariantGroup;
			children = (
				D2698E9C15EE37D4008A52D7 /* en */,
			);
			name = InfoPlist.strings;
			sourceTree = "<group>";
		};
/* End PBXVariantGroup section */

/* Begin XCBuildConfiguration section */
		D2698EA115EE37D4008A52D7 /* Debug */ = {
			isa = XCBuildConfiguration;
			buildSettings = {
				ALWAYS_SEARCH_USER_PATHS = NO;
				CLANG_CXX_LANGUAGE_STANDARD = "gnu++0x";
				CLANG_CXX_LIBRARY = "libc++";
				CLANG_ENABLE_OBJC_ARC = YES;
				CLANG_WARN__DUPLICATE_METHOD_MATCH = YES;
				"CODE_SIGN_IDENTITY[sdk=iphoneos*]" = "iPhone Developer";
				COPY_PHASE_STRIP = NO;
				GCC_C_LANGUAGE_STANDARD = gnu99;
				GCC_DYNAMIC_NO_PIC = NO;
				GCC_OPTIMIZATION_LEVEL = 0;
				GCC_PREPROCESSOR_DEFINITIONS = (
					"DEBUG=1",
					"$(inherited)",
				);
				GCC_SYMBOLS_PRIVATE_EXTERN = NO;
				GCC_WARN_ABOUT_RETURN_TYPE = YES;
				GCC_WARN_UNINITIALIZED_AUTOS = YES;
				GCC_WARN_UNUSED_VARIABLE = YES;
				IPHONEOS_DEPLOYMENT_TARGET = 7.0;
				ONLY_ACTIVE_ARCH = YES;
				SDKROOT = iphoneos;
				TARGETED_DEVICE_FAMILY = 2;
			};
			name = Debug;
		};
		D2698EA215EE37D4008A52D7 /* Release */ = {
			isa = XCBuildConfiguration;
			buildSettings = {
				ALWAYS_SEARCH_USER_PATHS = NO;
				CLANG_CXX_LANGUAGE_STANDARD = "gnu++0x";
				CLANG_CXX_LIBRARY = "libc++";
				CLANG_ENABLE_OBJC_ARC = YES;
				CLANG_WARN__DUPLICATE_METHOD_MATCH = YES;
				"CODE_SIGN_IDENTITY[sdk=iphoneos*]" = "iPhone Developer";
				COPY_PHASE_STRIP = YES;
				GCC_C_LANGUAGE_STANDARD = gnu99;
				GCC_WARN_ABOUT_RETURN_TYPE = YES;
				GCC_WARN_UNINITIALIZED_AUTOS = YES;
				GCC_WARN_UNUSED_VARIABLE = YES;
				IPHONEOS_DEPLOYMENT_TARGET = 7.0;
				OTHER_CFLAGS = "-DNS_BLOCK_ASSERTIONS=1";
				SDKROOT = iphoneos;
				TARGETED_DEVICE_FAMILY = 2;
				VALIDATE_PRODUCT = YES;
			};
			name = Release;
		};
		D2698EA415EE37D4008A52D7 /* Debug */ = {
			isa = XCBuildConfiguration;
			buildSettings = {
				CODE_SIGN_IDENTITY = "iPhone Developer";
				"CODE_SIGN_IDENTITY[sdk=iphoneos*]" = "iPhone Developer";
				GCC_PRECOMPILE_PREFIX_HEADER = YES;
				GCC_PREFIX_HEADER = "CircleSounds/CircleSounds-Prefix.pch";
				INFOPLIST_FILE = "CircleSounds/CircleSounds-Info.plist";
				PRODUCT_NAME = "$(TARGET_NAME)";
				PROVISIONING_PROFILE = "";
				WRAPPER_EXTENSION = app;
			};
			name = Debug;
		};
		D2698EA515EE37D4008A52D7 /* Release */ = {
			isa = XCBuildConfiguration;
			buildSettings = {
				CODE_SIGN_IDENTITY = "iPhone Developer";
				"CODE_SIGN_IDENTITY[sdk=iphoneos*]" = "iPhone Developer";
				GCC_PRECOMPILE_PREFIX_HEADER = YES;
				GCC_PREFIX_HEADER = "CircleSounds/CircleSounds-Prefix.pch";
				INFOPLIST_FILE = "CircleSounds/CircleSounds-Info.plist";
				PRODUCT_NAME = "$(TARGET_NAME)";
				PROVISIONING_PROFILE = "";
				WRAPPER_EXTENSION = app;
			};
			name = Release;
		};
		D2698EA715EE37D4008A52D7 /* Debug */ = {
			isa = XCBuildConfiguration;
			buildSettings = {
				BUNDLE_LOADER = "$(BUILT_PRODUCTS_DIR)/CircleSounds.app/CircleSounds";
				FRAMEWORK_SEARCH_PATHS = (
					"\"$(SDKROOT)/Developer/Library/Frameworks\"",
					"\"$(DEVELOPER_LIBRARY_DIR)/Frameworks\"",
				);
				GCC_PRECOMPILE_PREFIX_HEADER = YES;
				GCC_PREFIX_HEADER = "CircleSounds/CircleSounds-Prefix.pch";
				INFOPLIST_FILE = "CircleSoundsTests/CircleSoundsTests-Info.plist";
				PRODUCT_NAME = "$(TARGET_NAME)";
				TEST_HOST = "$(BUNDLE_LOADER)";
				WRAPPER_EXTENSION = octest;
			};
			name = Debug;
		};
		D2698EA815EE37D4008A52D7 /* Release */ = {
			isa = XCBuildConfiguration;
			buildSettings = {
				BUNDLE_LOADER = "$(BUILT_PRODUCTS_DIR)/CircleSounds.app/CircleSounds";
				FRAMEWORK_SEARCH_PATHS = (
					"\"$(SDKROOT)/Developer/Library/Frameworks\"",
					"\"$(DEVELOPER_LIBRARY_DIR)/Frameworks\"",
				);
				GCC_PRECOMPILE_PREFIX_HEADER = YES;
				GCC_PREFIX_HEADER = "CircleSounds/CircleSounds-Prefix.pch";
				INFOPLIST_FILE = "CircleSoundsTests/CircleSoundsTests-Info.plist";
				PRODUCT_NAME = "$(TARGET_NAME)";
				TEST_HOST = "$(BUNDLE_LOADER)";
				WRAPPER_EXTENSION = octest;
			};
			name = Release;
		};
/* End XCBuildConfiguration section */

/* Begin XCConfigurationList section */
		D2698E6A15EE37D3008A52D7 /* Build configuration list for PBXProject "CircleSounds" */ = {
			isa = XCConfigurationList;
			buildConfigurations = (
				D2698EA115EE37D4008A52D7 /* Debug */,
				D2698EA215EE37D4008A52D7 /* Release */,
			);
			defaultConfigurationIsVisible = 0;
			defaultConfigurationName = Release;
		};
		D2698EA315EE37D4008A52D7 /* Build configuration list for PBXNativeTarget "CircleSounds" */ = {
			isa = XCConfigurationList;
			buildConfigurations = (
				D2698EA415EE37D4008A52D7 /* Debug */,
				D2698EA515EE37D4008A52D7 /* Release */,
			);
			defaultConfigurationIsVisible = 0;
			defaultConfigurationName = Release;
		};
		D2698EA615EE37D4008A52D7 /* Build configuration list for PBXNativeTarget "CircleSoundsTests" */ = {
			isa = XCConfigurationList;
			buildConfigurations = (
				D2698EA715EE37D4008A52D7 /* Debug */,
				D2698EA815EE37D4008A52D7 /* Release */,
			);
			defaultConfigurationIsVisible = 0;
			defaultConfigurationName = Release;
		};
/* End XCConfigurationList section */
	};
	rootObject = D2698E6715EE37D3008A52D7 /* Project object */;
}
