// !$*UTF8*$!
{
	archiveVersion = 1;
	classes = {
	};
	objectVersion = 46;
	objects = {

/* Begin PBXBuildFile section */
		D22C37B915DC4742004A1C63 /* nyan.m4a in Resources */ = {isa = PBXBuildFile; fileRef = D22C37B815DC4742004A1C63 /* nyan.m4a */; };
		D22C37C415DC4B2C004A1C63 /* TOBaseInterpolator.m in Sources */ = {isa = PBXBuildFile; fileRef = D22C37BF15DC4B2C004A1C63 /* TOBaseInterpolator.m */; };
		D22C37C515DC4B2C004A1C63 /* TOColorInterpolator.m in Sources */ = {isa = PBXBuildFile; fileRef = D22C37C115DC4B2C004A1C63 /* TOColorInterpolator.m */; };
		D22C37C615DC4B2C004A1C63 /* TOAudioMeterView.m in Sources */ = {isa = PBXBuildFile; fileRef = D22C37C315DC4B2C004A1C63 /* TOAudioMeterView.m */; };
		D22C37C815DC4BCA004A1C63 /* QuartzCore.framework in Frameworks */ = {isa = PBXBuildFile; fileRef = D22C37C715DC4BCA004A1C63 /* QuartzCore.framework */; };
		D25D85BB15DC4C7400A954C2 /* TOMeteredMixer.m in Sources */ = {isa = PBXBuildFile; fileRef = D25D85BA15DC4C7400A954C2 /* TOMeteredMixer.m */; };
		D27EE23115DBAD77000E2E96 /* UIKit.framework in Frameworks */ = {isa = PBXBuildFile; fileRef = D27EE23015DBAD77000E2E96 /* UIKit.framework */; };
		D27EE23315DBAD77000E2E96 /* Foundation.framework in Frameworks */ = {isa = PBXBuildFile; fileRef = D27EE23215DBAD77000E2E96 /* Foundation.framework */; };
		D27EE23515DBAD77000E2E96 /* CoreGraphics.framework in Frameworks */ = {isa = PBXBuildFile; fileRef = D27EE23415DBAD77000E2E96 /* CoreGraphics.framework */; };
		D27EE23B15DBAD77000E2E96 /* InfoPlist.strings in Resources */ = {isa = PBXBuildFile; fileRef = D27EE23915DBAD77000E2E96 /* InfoPlist.strings */; };
		D27EE23D15DBAD77000E2E96 /* main.m in Sources */ = {isa = PBXBuildFile; fileRef = D27EE23C15DBAD77000E2E96 /* main.m */; };
		D27EE24115DBAD77000E2E96 /* TOAppDelegate.m in Sources */ = {isa = PBXBuildFile; fileRef = D27EE24015DBAD77000E2E96 /* TOAppDelegate.m */; };
		D27EE24415DBAD77000E2E96 /* MainStoryboard.storyboard in Resources */ = {isa = PBXBuildFile; fileRef = D27EE24215DBAD77000E2E96 /* MainStoryboard.storyboard */; };
		D27EE24715DBAD77000E2E96 /* TOViewController.m in Sources */ = {isa = PBXBuildFile; fileRef = D27EE24615DBAD77000E2E96 /* TOViewController.m */; };
		D27EE25A15DBF723000E2E96 /* AudioToolbox.framework in Frameworks */ = {isa = PBXBuildFile; fileRef = D27EE25915DBF723000E2E96 /* AudioToolbox.framework */; };
		D27EE25F15DBF906000E2E96 /* TOCAShortcuts.m in Sources */ = {isa = PBXBuildFile; fileRef = D27EE25E15DBF906000E2E96 /* TOCAShortcuts.m */; };
		D27EE26C15DC3A32000E2E96 /* NSString+OSStatus.m in Sources */ = {isa = PBXBuildFile; fileRef = D27EE26B15DC3A31000E2E96 /* NSString+OSStatus.m */; };
/* End PBXBuildFile section */

/* Begin PBXFileReference section */
		D22C37B815DC4742004A1C63 /* nyan.m4a */ = {isa = PBXFileReference; lastKnownFileType = file; path = nyan.m4a; sourceTree = "<group>"; };
		D22C37BE15DC4B2C004A1C63 /* TOBaseInterpolator.h */ = {isa = PBXFileReference; fileEncoding = 4; lastKnownFileType = sourcecode.c.h; path = TOBaseInterpolator.h; sourceTree = "<group>"; };
		D22C37BF15DC4B2C004A1C63 /* TOBaseInterpolator.m */ = {isa = PBXFileReference; fileEncoding = 4; lastKnownFileType = sourcecode.c.objc; path = TOBaseInterpolator.m; sourceTree = "<group>"; };
		D22C37C015DC4B2C004A1C63 /* TOColorInterpolator.h */ = {isa = PBXFileReference; fileEncoding = 4; lastKnownFileType = sourcecode.c.h; path = TOColorInterpolator.h; sourceTree = "<group>"; };
		D22C37C115DC4B2C004A1C63 /* TOColorInterpolator.m */ = {isa = PBXFileReference; fileEncoding = 4; lastKnownFileType = sourcecode.c.objc; path = TOColorInterpolator.m; sourceTree = "<group>"; };
		D22C37C215DC4B2C004A1C63 /* TOAudioMeterView.h */ = {isa = PBXFileReference; fileEncoding = 4; lastKnownFileType = sourcecode.c.h; path = TOAudioMeterView.h; sourceTree = "<group>"; };
		D22C37C315DC4B2C004A1C63 /* TOAudioMeterView.m */ = {isa = PBXFileReference; fileEncoding = 4; lastKnownFileType = sourcecode.c.objc; path = TOAudioMeterView.m; sourceTree = "<group>"; };
		D22C37C715DC4BCA004A1C63 /* QuartzCore.framework */ = {isa = PBXFileReference; lastKnownFileType = wrapper.framework; name = QuartzCore.framework; path = System/Library/Frameworks/QuartzCore.framework; sourceTree = SDKROOT; };
		D25D85BA15DC4C7400A954C2 /* TOMeteredMixer.m */ = {isa = PBXFileReference; fileEncoding = 4; lastKnownFileType = sourcecode.c.objc; path = TOMeteredMixer.m; sourceTree = "<group>"; };
		D27EE22C15DBAD77000E2E96 /* FilePlayMixerMeter.app */ = {isa = PBXFileReference; explicitFileType = wrapper.application; includeInIndex = 0; path = FilePlayMixerMeter.app; sourceTree = BUILT_PRODUCTS_DIR; };
		D27EE23015DBAD77000E2E96 /* UIKit.framework */ = {isa = PBXFileReference; lastKnownFileType = wrapper.framework; name = UIKit.framework; path = System/Library/Frameworks/UIKit.framework; sourceTree = SDKROOT; };
		D27EE23215DBAD77000E2E96 /* Foundation.framework */ = {isa = PBXFileReference; lastKnownFileType = wrapper.framework; name = Foundation.framework; path = System/Library/Frameworks/Foundation.framework; sourceTree = SDKROOT; };
		D27EE23415DBAD77000E2E96 /* CoreGraphics.framework */ = {isa = PBXFileReference; lastKnownFileType = wrapper.framework; name = CoreGraphics.framework; path = System/Library/Frameworks/CoreGraphics.framework; sourceTree = SDKROOT; };
		D27EE23815DBAD77000E2E96 /* FilePlayMixerMeter-Info.plist */ = {isa = PBXFileReference; lastKnownFileType = text.plist.xml; path = "FilePlayMixerMeter-Info.plist"; sourceTree = "<group>"; };
		D27EE23A15DBAD77000E2E96 /* en */ = {isa = PBXFileReference; lastKnownFileType = text.plist.strings; name = en; path = en.lproj/InfoPlist.strings; sourceTree = "<group>"; };
		D27EE23C15DBAD77000E2E96 /* main.m */ = {isa = PBXFileReference; lastKnownFileType = sourcecode.c.objc; path = main.m; sourceTree = "<group>"; };
		D27EE23E15DBAD77000E2E96 /* FilePlayMixerMeter-Prefix.pch */ = {isa = PBXFileReference; lastKnownFileType = sourcecode.c.h; path = "FilePlayMixerMeter-Prefix.pch"; sourceTree = "<group>"; };
		D27EE23F15DBAD77000E2E96 /* TOAppDelegate.h */ = {isa = PBXFileReference; lastKnownFileType = sourcecode.c.h; path = TOAppDelegate.h; sourceTree = "<group>"; };
		D27EE24015DBAD77000E2E96 /* TOAppDelegate.m */ = {isa = PBXFileReference; lastKnownFileType = sourcecode.c.objc; path = TOAppDelegate.m; sourceTree = "<group>"; };
		D27EE24315DBAD77000E2E96 /* en */ = {isa = PBXFileReference; lastKnownFileType = file.storyboard; name = en; path = en.lproj/MainStoryboard.storyboard; sourceTree = "<group>"; };
		D27EE24515DBAD77000E2E96 /* TOViewController.h */ = {isa = PBXFileReference; lastKnownFileType = sourcecode.c.h; path = TOViewController.h; sourceTree = "<group>"; };
		D27EE24615DBAD77000E2E96 /* TOViewController.m */ = {isa = PBXFileReference; lastKnownFileType = sourcecode.c.objc; path = TOViewController.m; sourceTree = "<group>"; };
		D27EE25515DBB8F4000E2E96 /* TOMeteredMixer.h */ = {isa = PBXFileReference; fileEncoding = 4; lastKnownFileType = sourcecode.c.h; path = TOMeteredMixer.h; sourceTree = "<group>"; };
		D27EE25915DBF723000E2E96 /* AudioToolbox.framework */ = {isa = PBXFileReference; lastKnownFileType = wrapper.framework; name = AudioToolbox.framework; path = System/Library/Frameworks/AudioToolbox.framework; sourceTree = SDKROOT; };
		D27EE25D15DBF906000E2E96 /* TOCAShortcuts.h */ = {isa = PBXFileReference; fileEncoding = 4; lastKnownFileType = sourcecode.c.h; path = TOCAShortcuts.h; sourceTree = "<group>"; };
		D27EE25E15DBF906000E2E96 /* TOCAShortcuts.m */ = {isa = PBXFileReference; fileEncoding = 4; lastKnownFileType = sourcecode.c.objc; path = TOCAShortcuts.m; sourceTree = "<group>"; };
		D27EE26A15DC3A31000E2E96 /* NSString+OSStatus.h */ = {isa = PBXFileReference; fileEncoding = 4; lastKnownFileType = sourcecode.c.h; path = "NSString+OSStatus.h"; sourceTree = "<group>"; };
		D27EE26B15DC3A31000E2E96 /* NSString+OSStatus.m */ = {isa = PBXFileReference; fileEncoding = 4; lastKnownFileType = sourcecode.c.objc; path = "NSString+OSStatus.m"; sourceTree = "<group>"; };
/* End PBXFileReference section */

/* Begin PBXFrameworksBuildPhase section */
		D27EE22915DBAD77000E2E96 /* Frameworks */ = {
			isa = PBXFrameworksBuildPhase;
			buildActionMask = 2147483647;
			files = (
				D22C37C815DC4BCA004A1C63 /* QuartzCore.framework in Frameworks */,
				D27EE25A15DBF723000E2E96 /* AudioToolbox.framework in Frameworks */,
				D27EE23115DBAD77000E2E96 /* UIKit.framework in Frameworks */,
				D27EE23315DBAD77000E2E96 /* Foundation.framework in Frameworks */,
				D27EE23515DBAD77000E2E96 /* CoreGraphics.framework in Frameworks */,
			);
			runOnlyForDeploymentPostprocessing = 0;
		};
/* End PBXFrameworksBuildPhase section */

/* Begin PBXGroup section */
		D27EE22115DBAD77000E2E96 = {
			isa = PBXGroup;
			children = (
				D27EE23615DBAD77000E2E96 /* FilePlayMixerMeter */,
				D27EE22F15DBAD77000E2E96 /* Frameworks */,
				D27EE22D15DBAD77000E2E96 /* Products */,
			);
			sourceTree = "<group>";
		};
		D27EE22D15DBAD77000E2E96 /* Products */ = {
			isa = PBXGroup;
			children = (
				D27EE22C15DBAD77000E2E96 /* FilePlayMixerMeter.app */,
			);
			name = Products;
			sourceTree = "<group>";
		};
		D27EE22F15DBAD77000E2E96 /* Frameworks */ = {
			isa = PBXGroup;
			children = (
				D22C37C715DC4BCA004A1C63 /* QuartzCore.framework */,
				D27EE25915DBF723000E2E96 /* AudioToolbox.framework */,
				D27EE23015DBAD77000E2E96 /* UIKit.framework */,
				D27EE23215DBAD77000E2E96 /* Foundation.framework */,
				D27EE23415DBAD77000E2E96 /* CoreGraphics.framework */,
			);
			name = Frameworks;
			sourceTree = "<group>";
		};
		D27EE23615DBAD77000E2E96 /* FilePlayMixerMeter */ = {
			isa = PBXGroup;
			children = (
				D22C37BE15DC4B2C004A1C63 /* TOBaseInterpolator.h */,
				D22C37BF15DC4B2C004A1C63 /* TOBaseInterpolator.m */,
				D22C37C015DC4B2C004A1C63 /* TOColorInterpolator.h */,
				D22C37C115DC4B2C004A1C63 /* TOColorInterpolator.m */,
				D22C37C215DC4B2C004A1C63 /* TOAudioMeterView.h */,
				D22C37C315DC4B2C004A1C63 /* TOAudioMeterView.m */,
				D27EE25D15DBF906000E2E96 /* TOCAShortcuts.h */,
				D27EE25E15DBF906000E2E96 /* TOCAShortcuts.m */,
				D27EE26A15DC3A31000E2E96 /* NSString+OSStatus.h */,
				D27EE26B15DC3A31000E2E96 /* NSString+OSStatus.m */,
				D27EE23F15DBAD77000E2E96 /* TOAppDelegate.h */,
				D27EE24015DBAD77000E2E96 /* TOAppDelegate.m */,
				D27EE25515DBB8F4000E2E96 /* TOMeteredMixer.h */,
				D25D85BA15DC4C7400A954C2 /* TOMeteredMixer.m */,
				D27EE24215DBAD77000E2E96 /* MainStoryboard.storyboard */,
				D27EE24515DBAD77000E2E96 /* TOViewController.h */,
				D27EE24615DBAD77000E2E96 /* TOViewController.m */,
				D27EE23715DBAD77000E2E96 /* Supporting Files */,
			);
			path = FilePlayMixerMeter;
			sourceTree = "<group>";
		};
		D27EE23715DBAD77000E2E96 /* Supporting Files */ = {
			isa = PBXGroup;
			children = (
				D22C37B815DC4742004A1C63 /* nyan.m4a */,
				D27EE23815DBAD77000E2E96 /* FilePlayMixerMeter-Info.plist */,
				D27EE23915DBAD77000E2E96 /* InfoPlist.strings */,
				D27EE23C15DBAD77000E2E96 /* main.m */,
				D27EE23E15DBAD77000E2E96 /* FilePlayMixerMeter-Prefix.pch */,
			);
			name = "Supporting Files";
			sourceTree = "<group>";
		};
/* End PBXGroup section */

/* Begin PBXNativeTarget section */
		D27EE22B15DBAD77000E2E96 /* FilePlayMixerMeter */ = {
			isa = PBXNativeTarget;
			buildConfigurationList = D27EE24A15DBAD77000E2E96 /* Build configuration list for PBXNativeTarget "FilePlayMixerMeter" */;
			buildPhases = (
				D27EE22815DBAD77000E2E96 /* Sources */,
				D27EE22915DBAD77000E2E96 /* Frameworks */,
				D27EE22A15DBAD77000E2E96 /* Resources */,
			);
			buildRules = (
			);
			dependencies = (
			);
			name = FilePlayMixerMeter;
			productName = FilePlayMixerMeter;
			productReference = D27EE22C15DBAD77000E2E96 /* FilePlayMixerMeter.app */;
			productType = "com.apple.product-type.application";
		};
/* End PBXNativeTarget section */

/* Begin PBXProject section */
		D27EE22315DBAD77000E2E96 /* Project object */ = {
			isa = PBXProject;
			attributes = {
				CLASSPREFIX = TO;
				LastUpgradeCheck = 0450;
				ORGANIZATIONNAME = "Tobias Ottenweller";
			};
			buildConfigurationList = D27EE22615DBAD77000E2E96 /* Build configuration list for PBXProject "FilePlayMixerMeter" */;
			compatibilityVersion = "Xcode 3.2";
			developmentRegion = English;
			hasScannedForEncodings = 0;
			knownRegions = (
				en,
			);
			mainGroup = D27EE22115DBAD77000E2E96;
			productRefGroup = D27EE22D15DBAD77000E2E96 /* Products */;
			projectDirPath = "";
			projectRoot = "";
			targets = (
				D27EE22B15DBAD77000E2E96 /* FilePlayMixerMeter */,
			);
		};
/* End PBXProject section */

/* Begin PBXResourcesBuildPhase section */
		D27EE22A15DBAD77000E2E96 /* Resources */ = {
			isa = PBXResourcesBuildPhase;
			buildActionMask = 2147483647;
			files = (
				D27EE23B15DBAD77000E2E96 /* InfoPlist.strings in Resources */,
				D27EE24415DBAD77000E2E96 /* MainStoryboard.storyboard in Resources */,
				D22C37B915DC4742004A1C63 /* nyan.m4a in Resources */,
			);
			runOnlyForDeploymentPostprocessing = 0;
		};
/* End PBXResourcesBuildPhase section */

/* Begin PBXSourcesBuildPhase section */
		D27EE22815DBAD77000E2E96 /* Sources */ = {
			isa = PBXSourcesBuildPhase;
			buildActionMask = 2147483647;
			files = (
				D27EE23D15DBAD77000E2E96 /* main.m in Sources */,
				D27EE24115DBAD77000E2E96 /* TOAppDelegate.m in Sources */,
				D27EE24715DBAD77000E2E96 /* TOViewController.m in Sources */,
				D27EE25F15DBF906000E2E96 /* TOCAShortcuts.m in Sources */,
				D27EE26C15DC3A32000E2E96 /* NSString+OSStatus.m in Sources */,
				D22C37C415DC4B2C004A1C63 /* TOBaseInterpolator.m in Sources */,
				D22C37C515DC4B2C004A1C63 /* TOColorInterpolator.m in Sources */,
				D22C37C615DC4B2C004A1C63 /* TOAudioMeterView.m in Sources */,
				D25D85BB15DC4C7400A954C2 /* TOMeteredMixer.m in Sources */,
			);
			runOnlyForDeploymentPostprocessing = 0;
		};
/* End PBXSourcesBuildPhase section */

/* Begin PBXVariantGroup section */
		D27EE23915DBAD77000E2E96 /* InfoPlist.strings */ = {
			isa = PBXVariantGroup;
			children = (
				D27EE23A15DBAD77000E2E96 /* en */,
			);
			name = InfoPlist.strings;
			sourceTree = "<group>";
		};
		D27EE24215DBAD77000E2E96 /* MainStoryboard.storyboard */ = {
			isa = PBXVariantGroup;
			children = (
				D27EE24315DBAD77000E2E96 /* en */,
			);
			name = MainStoryboard.storyboard;
			sourceTree = "<group>";
		};
/* End PBXVariantGroup section */

/* Begin XCBuildConfiguration section */
		D27EE24815DBAD77000E2E96 /* Debug */ = {
			isa = XCBuildConfiguration;
			buildSettings = {
				ALWAYS_SEARCH_USER_PATHS = NO;
				CLANG_CXX_LANGUAGE_STANDARD = "gnu++0x";
				CLANG_CXX_LIBRARY = "libc++";
				CLANG_ENABLE_OBJC_ARC = YES;
				CLANG_WARN__DUPLICATE_METHOD_MATCH = YES;
				CODE_SIGN_IDENTITY = "iPhone Developer";
				"CODE_SIGN_IDENTITY[sdk=iphoneos*]" = "iPhone Developer";
				COPY_PHASE_STRIP = NO;
				GCC_C_LANGUAGE_STANDARD = gnu99;
				GCC_DYNAMIC_NO_PIC = NO;
				GCC_OPTIMIZATION_LEVEL = 0;
				GCC_PREPROCESSOR_DEFINITIONS = (
					"DEBUG=1",
					"$(inherited)",
				);
				GCC_SYMBOLS_PRIVATE_EXTERN = NO;
				GCC_WARN_ABOUT_RETURN_TYPE = YES;
				GCC_WARN_UNINITIALIZED_AUTOS = YES;
				GCC_WARN_UNUSED_VARIABLE = YES;
				IPHONEOS_DEPLOYMENT_TARGET = 6.0;
				PROVISIONING_PROFILE = "";
				SDKROOT = iphoneos;
				TARGETED_DEVICE_FAMILY = 2;
			};
			name = Debug;
		};
		D27EE24915DBAD77000E2E96 /* Release */ = {
			isa = XCBuildConfiguration;
			buildSettings = {
				ALWAYS_SEARCH_USER_PATHS = NO;
				CLANG_CXX_LANGUAGE_STANDARD = "gnu++0x";
				CLANG_CXX_LIBRARY = "libc++";
				CLANG_ENABLE_OBJC_ARC = YES;
				CLANG_WARN__DUPLICATE_METHOD_MATCH = YES;
				"CODE_SIGN_IDENTITY[sdk=iphoneos*]" = "iPhone Developer";
				COPY_PHASE_STRIP = YES;
				GCC_C_LANGUAGE_STANDARD = gnu99;
				GCC_WARN_ABOUT_RETURN_TYPE = YES;
				GCC_WARN_UNINITIALIZED_AUTOS = YES;
				GCC_WARN_UNUSED_VARIABLE = YES;
				IPHONEOS_DEPLOYMENT_TARGET = 6.0;
				OTHER_CFLAGS = "-DNS_BLOCK_ASSERTIONS=1";
				SDKROOT = iphoneos;
				TARGETED_DEVICE_FAMILY = 2;
				VALIDATE_PRODUCT = YES;
			};
			name = Release;
		};
		D27EE24B15DBAD77000E2E96 /* Debug */ = {
			isa = XCBuildConfiguration;
			buildSettings = {
				CODE_SIGN_IDENTITY = "iPhone Developer";
				"CODE_SIGN_IDENTITY[sdk=iphoneos*]" = "iPhone Developer";
				GCC_PRECOMPILE_PREFIX_HEADER = YES;
				GCC_PREFIX_HEADER = "FilePlayMixerMeter/FilePlayMixerMeter-Prefix.pch";
				INFOPLIST_FILE = "FilePlayMixerMeter/FilePlayMixerMeter-Info.plist";
				PRODUCT_NAME = "$(TARGET_NAME)";
				PROVISIONING_PROFILE = "";
				"PROVISIONING_PROFILE[sdk=iphoneos*]" = "";
				WRAPPER_EXTENSION = app;
			};
			name = Debug;
		};
		D27EE24C15DBAD77000E2E96 /* Release */ = {
			isa = XCBuildConfiguration;
			buildSettings = {
				GCC_PRECOMPILE_PREFIX_HEADER = YES;
				GCC_PREFIX_HEADER = "FilePlayMixerMeter/FilePlayMixerMeter-Prefix.pch";
				INFOPLIST_FILE = "FilePlayMixerMeter/FilePlayMixerMeter-Info.plist";
				PRODUCT_NAME = "$(TARGET_NAME)";
				WRAPPER_EXTENSION = app;
			};
			name = Release;
		};
/* End XCBuildConfiguration section */

/* Begin XCConfigurationList section */
		D27EE22615DBAD77000E2E96 /* Build configuration list for PBXProject "FilePlayMixerMeter" */ = {
			isa = XCConfigurationList;
			buildConfigurations = (
				D27EE24815DBAD77000E2E96 /* Debug */,
				D27EE24915DBAD77000E2E96 /* Release */,
			);
			defaultConfigurationIsVisible = 0;
			defaultConfigurationName = Release;
		};
		D27EE24A15DBAD77000E2E96 /* Build configuration list for PBXNativeTarget "FilePlayMixerMeter" */ = {
			isa = XCConfigurationList;
			buildConfigurations = (
				D27EE24B15DBAD77000E2E96 /* Debug */,
				D27EE24C15DBAD77000E2E96 /* Release */,
			);
			defaultConfigurationIsVisible = 0;
			defaultConfigurationName = Release;
		};
/* End XCConfigurationList section */
	};
	rootObject = D27EE22315DBAD77000E2E96 /* Project object */;
}
